{
    "version": 3,
    "terraform_version": "0.12.31",
    "serial": 1,
    "lineage": "555d03ee-36d7-8b1a-da60-260bc7c269c2",
    "modules": [
        {
            "path": [
                "root"
            ],
            "outputs": {
                "aws_iam_group_policy_attachment_tfer--admin_AWSCostAndUsageReportAutomationPolicy_id": {
                    "sensitive": false,
                    "type": "string",
                    "value": "admin/arn:aws:iam::aws:policy/service-role/AWSCostAndUsageReportAutomationPolicy"
                },
                "aws_iam_group_policy_attachment_tfer--admin_AmazonEC2FullAccess_id": {
                    "sensitive": false,
                    "type": "string",
                    "value": "admin/arn:aws:iam::aws:policy/AmazonEC2FullAccess"
                },
                "aws_iam_group_policy_attachment_tfer--admin_AmazonRDSFullAccess_id": {
                    "sensitive": false,
                    "type": "string",
                    "value": "admin/arn:aws:iam::aws:policy/AmazonRDSFullAccess"
                },
                "aws_iam_group_policy_attachment_tfer--admin_AmazonS3FullAccess_id": {
                    "sensitive": false,
                    "type": "string",
                    "value": "admin/arn:aws:iam::aws:policy/AmazonS3FullAccess"
                },
                "aws_iam_group_policy_attachment_tfer--admin_AmazonSQSFullAccess_id": {
                    "sensitive": false,
                    "type": "string",
                    "value": "admin/arn:aws:iam::aws:policy/AmazonSQSFullAccess"
                },
                "aws_iam_group_policy_attachment_tfer--admin_AmazonVPCFullAccess_id": {
                    "sensitive": false,
                    "type": "string",
                    "value": "admin/arn:aws:iam::aws:policy/AmazonVPCFullAccess"
                },
                "aws_iam_group_policy_attachment_tfer--admin_AutoScalingFullAccess_id": {
                    "sensitive": false,
                    "type": "string",
                    "value": "admin/arn:aws:iam::aws:policy/AutoScalingFullAccess"
                },
                "aws_iam_group_policy_attachment_tfer--admin_CloudWatchFullAccess_id": {
                    "sensitive": false,
                    "type": "string",
                    "value": "admin/arn:aws:iam::aws:policy/CloudWatchFullAccess"
                },
                "aws_iam_group_policy_attachment_tfer--admin_ElasticLoadBalancingFullAccess_id": {
                    "sensitive": false,
                    "type": "string",
                    "value": "admin/arn:aws:iam::aws:policy/ElasticLoadBalancingFullAccess"
                },
                "aws_iam_group_policy_attachment_tfer--admin_IAMFullAccess_id": {
                    "sensitive": false,
                    "type": "string",
                    "value": "admin/arn:aws:iam::aws:policy/IAMFullAccess"
                },
                "aws_iam_group_tfer--admin_id": {
                    "sensitive": false,
                    "type": "string",
                    "value": "admin"
                },
                "aws_iam_role_policy_attachment_tfer--AWSServiceRoleForAPIGateway_APIGatewayServiceRolePolicy_id": {
                    "sensitive": false,
                    "type": "string",
                    "value": "AWSServiceRoleForAPIGateway/arn:aws:iam::aws:policy/aws-service-role/APIGatewayServiceRolePolicy"
                },
                "aws_iam_role_policy_attachment_tfer--AWSServiceRoleForSupport_AWSSupportServiceRolePolicy_id": {
                    "sensitive": false,
                    "type": "string",
                    "value": "AWSServiceRoleForSupport/arn:aws:iam::aws:policy/aws-service-role/AWSSupportServiceRolePolicy"
                },
                "aws_iam_role_policy_attachment_tfer--AWSServiceRoleForTrustedAdvisor_AWSTrustedAdvisorServiceRolePolicy_id": {
                    "sensitive": false,
                    "type": "string",
                    "value": "AWSServiceRoleForTrustedAdvisor/arn:aws:iam::aws:policy/aws-service-role/AWSTrustedAdvisorServiceRolePolicy"
                },
                "aws_iam_role_policy_attachment_tfer--cdk-hnb659fds-cfn-exec-role-916016643386-ap-northeast-1_AdministratorAccess_id": {
                    "sensitive": false,
                    "type": "string",
                    "value": "cdk-hnb659fds-cfn-exec-role-916016643386-ap-northeast-1/arn:aws:iam::aws:policy/AdministratorAccess"
                },
                "aws_iam_role_policy_attachment_tfer--cdk-hnb659fds-lookup-role-916016643386-ap-northeast-1_ReadOnlyAccess_id": {
                    "sensitive": false,
                    "type": "string",
                    "value": "cdk-hnb659fds-lookup-role-916016643386-ap-northeast-1/arn:aws:iam::aws:policy/ReadOnlyAccess"
                },
                "aws_iam_role_policy_tfer--cdk-hnb659fds-deploy-role-916016643386-ap-northeast-1_default_id": {
                    "sensitive": false,
                    "type": "string",
                    "value": "cdk-hnb659fds-deploy-role-916016643386-ap-northeast-1:default"
                },
                "aws_iam_role_policy_tfer--cdk-hnb659fds-file-publishing-role-916016643386-ap-northeast-1_cdk-hnb659fds-file-publishing-role-default-policy-916016643386-ap-northeast-1_id": {
                    "sensitive": false,
                    "type": "string",
                    "value": "cdk-hnb659fds-file-publishing-role-916016643386-ap-northeast-1:cdk-hnb659fds-file-publishing-role-default-policy-916016643386-ap-northeast-1"
                },
                "aws_iam_role_policy_tfer--cdk-hnb659fds-image-publishing-role-916016643386-ap-northeast-1_cdk-hnb659fds-image-publishing-role-default-policy-916016643386-ap-northeast-1_id": {
                    "sensitive": false,
                    "type": "string",
                    "value": "cdk-hnb659fds-image-publishing-role-916016643386-ap-northeast-1:cdk-hnb659fds-image-publishing-role-default-policy-916016643386-ap-northeast-1"
                },
                "aws_iam_role_policy_tfer--cdk-hnb659fds-lookup-role-916016643386-ap-northeast-1_LookupRolePolicy_id": {
                    "sensitive": false,
                    "type": "string",
                    "value": "cdk-hnb659fds-lookup-role-916016643386-ap-northeast-1:LookupRolePolicy"
                },
                "aws_iam_role_tfer--AWSServiceRoleForAPIGateway_id": {
                    "sensitive": false,
                    "type": "string",
                    "value": "AWSServiceRoleForAPIGateway"
                },
                "aws_iam_role_tfer--AWSServiceRoleForSupport_id": {
                    "sensitive": false,
                    "type": "string",
                    "value": "AWSServiceRoleForSupport"
                },
                "aws_iam_role_tfer--AWSServiceRoleForTrustedAdvisor_id": {
                    "sensitive": false,
                    "type": "string",
                    "value": "AWSServiceRoleForTrustedAdvisor"
                },
                "aws_iam_role_tfer--cdk-hnb659fds-cfn-exec-role-916016643386-ap-northeast-1_id": {
                    "sensitive": false,
                    "type": "string",
                    "value": "cdk-hnb659fds-cfn-exec-role-916016643386-ap-northeast-1"
                },
                "aws_iam_role_tfer--cdk-hnb659fds-deploy-role-916016643386-ap-northeast-1_id": {
                    "sensitive": false,
                    "type": "string",
                    "value": "cdk-hnb659fds-deploy-role-916016643386-ap-northeast-1"
                },
                "aws_iam_role_tfer--cdk-hnb659fds-file-publishing-role-916016643386-ap-northeast-1_id": {
                    "sensitive": false,
                    "type": "string",
                    "value": "cdk-hnb659fds-file-publishing-role-916016643386-ap-northeast-1"
                },
                "aws_iam_role_tfer--cdk-hnb659fds-image-publishing-role-916016643386-ap-northeast-1_id": {
                    "sensitive": false,
                    "type": "string",
                    "value": "cdk-hnb659fds-image-publishing-role-916016643386-ap-northeast-1"
                },
                "aws_iam_role_tfer--cdk-hnb659fds-lookup-role-916016643386-ap-northeast-1_id": {
                    "sensitive": false,
                    "type": "string",
                    "value": "cdk-hnb659fds-lookup-role-916016643386-ap-northeast-1"
                },
                "aws_iam_user_group_membership_tfer--Test_Develop-002F-admin_id": {
                    "sensitive": false,
                    "type": "string",
                    "value": "Test_Develop/admin"
                },
                "aws_iam_user_policy_attachment_tfer--maeda-0040-masatala_IAMUserChangePassword_id": {
                    "sensitive": false,
                    "type": "string",
                    "value": "maeda@masatala/arn:aws:iam::aws:policy/IAMUserChangePassword"
                },
                "aws_iam_user_tfer--AIDA5KRWYXU5AVDUM5AEZ_id": {
                    "sensitive": false,
                    "type": "string",
                    "value": "Test_Develop"
                },
                "aws_iam_user_tfer--AIDA5KRWYXU5L2QCPTA44_id": {
                    "sensitive": false,
                    "type": "string",
                    "value": "maeda@masatala"
                }
            },
            "resources": {
                "aws_iam_group.tfer--admin": {
                    "type": "aws_iam_group",
                    "depends_on": [],
                    "primary": {
                        "id": "admin",
                        "attributes": {
                            "arn": "arn:aws:iam::916016643386:group/admin",
                            "id": "admin",
                            "name": "admin",
                            "path": "/",
                            "unique_id": "AGPA5KRWYXU5MWDSFDBSQ"
                        },
                        "meta": {
                            "schema_version": 0
                        },
                        "tainted": false
                    },
                    "deposed": [],
                    "provider": "provider.aws"
                },
                "aws_iam_group_policy_attachment.tfer--admin_AWSCostAndUsageReportAutomationPolicy": {
                    "type": "aws_iam_group_policy_attachment",
                    "depends_on": [],
                    "primary": {
                        "id": "admin/arn:aws:iam::aws:policy/service-role/AWSCostAndUsageReportAutomationPolicy",
                        "attributes": {
                            "group": "admin",
                            "id": "admin/arn:aws:iam::aws:policy/service-role/AWSCostAndUsageReportAutomationPolicy",
                            "policy_arn": "arn:aws:iam::aws:policy/service-role/AWSCostAndUsageReportAutomationPolicy"
                        },
                        "meta": {
                            "schema_version": 0
                        },
                        "tainted": false
                    },
                    "deposed": [],
                    "provider": "provider.aws"
                },
                "aws_iam_group_policy_attachment.tfer--admin_AmazonEC2FullAccess": {
                    "type": "aws_iam_group_policy_attachment",
                    "depends_on": [],
                    "primary": {
                        "id": "admin/arn:aws:iam::aws:policy/AmazonEC2FullAccess",
                        "attributes": {
                            "group": "admin",
                            "id": "admin/arn:aws:iam::aws:policy/AmazonEC2FullAccess",
                            "policy_arn": "arn:aws:iam::aws:policy/AmazonEC2FullAccess"
                        },
                        "meta": {
                            "schema_version": 0
                        },
                        "tainted": false
                    },
                    "deposed": [],
                    "provider": "provider.aws"
                },
                "aws_iam_group_policy_attachment.tfer--admin_AmazonRDSFullAccess": {
                    "type": "aws_iam_group_policy_attachment",
                    "depends_on": [],
                    "primary": {
                        "id": "admin/arn:aws:iam::aws:policy/AmazonRDSFullAccess",
                        "attributes": {
                            "group": "admin",
                            "id": "admin/arn:aws:iam::aws:policy/AmazonRDSFullAccess",
                            "policy_arn": "arn:aws:iam::aws:policy/AmazonRDSFullAccess"
                        },
                        "meta": {
                            "schema_version": 0
                        },
                        "tainted": false
                    },
                    "deposed": [],
                    "provider": "provider.aws"
                },
                "aws_iam_group_policy_attachment.tfer--admin_AmazonS3FullAccess": {
                    "type": "aws_iam_group_policy_attachment",
                    "depends_on": [],
                    "primary": {
                        "id": "admin/arn:aws:iam::aws:policy/AmazonS3FullAccess",
                        "attributes": {
                            "group": "admin",
                            "id": "admin/arn:aws:iam::aws:policy/AmazonS3FullAccess",
                            "policy_arn": "arn:aws:iam::aws:policy/AmazonS3FullAccess"
                        },
                        "meta": {
                            "schema_version": 0
                        },
                        "tainted": false
                    },
                    "deposed": [],
                    "provider": "provider.aws"
                },
                "aws_iam_group_policy_attachment.tfer--admin_AmazonSQSFullAccess": {
                    "type": "aws_iam_group_policy_attachment",
                    "depends_on": [],
                    "primary": {
                        "id": "admin/arn:aws:iam::aws:policy/AmazonSQSFullAccess",
                        "attributes": {
                            "group": "admin",
                            "id": "admin/arn:aws:iam::aws:policy/AmazonSQSFullAccess",
                            "policy_arn": "arn:aws:iam::aws:policy/AmazonSQSFullAccess"
                        },
                        "meta": {
                            "schema_version": 0
                        },
                        "tainted": false
                    },
                    "deposed": [],
                    "provider": "provider.aws"
                },
                "aws_iam_group_policy_attachment.tfer--admin_AmazonVPCFullAccess": {
                    "type": "aws_iam_group_policy_attachment",
                    "depends_on": [],
                    "primary": {
                        "id": "admin/arn:aws:iam::aws:policy/AmazonVPCFullAccess",
                        "attributes": {
                            "group": "admin",
                            "id": "admin/arn:aws:iam::aws:policy/AmazonVPCFullAccess",
                            "policy_arn": "arn:aws:iam::aws:policy/AmazonVPCFullAccess"
                        },
                        "meta": {
                            "schema_version": 0
                        },
                        "tainted": false
                    },
                    "deposed": [],
                    "provider": "provider.aws"
                },
                "aws_iam_group_policy_attachment.tfer--admin_AutoScalingFullAccess": {
                    "type": "aws_iam_group_policy_attachment",
                    "depends_on": [],
                    "primary": {
                        "id": "admin/arn:aws:iam::aws:policy/AutoScalingFullAccess",
                        "attributes": {
                            "group": "admin",
                            "id": "admin/arn:aws:iam::aws:policy/AutoScalingFullAccess",
                            "policy_arn": "arn:aws:iam::aws:policy/AutoScalingFullAccess"
                        },
                        "meta": {
                            "schema_version": 0
                        },
                        "tainted": false
                    },
                    "deposed": [],
                    "provider": "provider.aws"
                },
                "aws_iam_group_policy_attachment.tfer--admin_CloudWatchFullAccess": {
                    "type": "aws_iam_group_policy_attachment",
                    "depends_on": [],
                    "primary": {
                        "id": "admin/arn:aws:iam::aws:policy/CloudWatchFullAccess",
                        "attributes": {
                            "group": "admin",
                            "id": "admin/arn:aws:iam::aws:policy/CloudWatchFullAccess",
                            "policy_arn": "arn:aws:iam::aws:policy/CloudWatchFullAccess"
                        },
                        "meta": {
                            "schema_version": 0
                        },
                        "tainted": false
                    },
                    "deposed": [],
                    "provider": "provider.aws"
                },
                "aws_iam_group_policy_attachment.tfer--admin_ElasticLoadBalancingFullAccess": {
                    "type": "aws_iam_group_policy_attachment",
                    "depends_on": [],
                    "primary": {
                        "id": "admin/arn:aws:iam::aws:policy/ElasticLoadBalancingFullAccess",
                        "attributes": {
                            "group": "admin",
                            "id": "admin/arn:aws:iam::aws:policy/ElasticLoadBalancingFullAccess",
                            "policy_arn": "arn:aws:iam::aws:policy/ElasticLoadBalancingFullAccess"
                        },
                        "meta": {
                            "schema_version": 0
                        },
                        "tainted": false
                    },
                    "deposed": [],
                    "provider": "provider.aws"
                },
                "aws_iam_group_policy_attachment.tfer--admin_IAMFullAccess": {
                    "type": "aws_iam_group_policy_attachment",
                    "depends_on": [],
                    "primary": {
                        "id": "admin/arn:aws:iam::aws:policy/IAMFullAccess",
                        "attributes": {
                            "group": "admin",
                            "id": "admin/arn:aws:iam::aws:policy/IAMFullAccess",
                            "policy_arn": "arn:aws:iam::aws:policy/IAMFullAccess"
                        },
                        "meta": {
                            "schema_version": 0
                        },
                        "tainted": false
                    },
                    "deposed": [],
                    "provider": "provider.aws"
                },
                "aws_iam_role.tfer--AWSServiceRoleForAPIGateway": {
                    "type": "aws_iam_role",
                    "depends_on": [],
                    "primary": {
                        "id": "AWSServiceRoleForAPIGateway",
                        "attributes": {
                            "arn": "arn:aws:iam::916016643386:role/aws-service-role/ops.apigateway.amazonaws.com/AWSServiceRoleForAPIGateway",
                            "assume_role_policy": "{\"Version\":\"2012-10-17\",\"Statement\":[{\"Effect\":\"Allow\",\"Principal\":{\"Service\":\"ops.apigateway.amazonaws.com\"},\"Action\":\"sts:AssumeRole\"}]}",
                            "create_date": "2022-07-03T05:18:30Z",
                            "description": "The Service Linked Role is used by Amazon API Gateway.",
                            "id": "AWSServiceRoleForAPIGateway",
                            "inline_policy.#": "1",
                            "inline_policy.0.name": "",
                            "inline_policy.0.policy": "",
                            "managed_policy_arns.#": "1",
                            "managed_policy_arns.0": "arn:aws:iam::aws:policy/aws-service-role/APIGatewayServiceRolePolicy",
                            "max_session_duration": "3600",
                            "name": "AWSServiceRoleForAPIGateway",
                            "name_prefix": "",
                            "path": "/aws-service-role/ops.apigateway.amazonaws.com/",
                            "tags.%": "0",
                            "tags_all.%": "0",
                            "unique_id": "AROA5KRWYXU5BBN3DR5NX"
                        },
                        "meta": {
                            "schema_version": 0
                        },
                        "tainted": false
                    },
                    "deposed": [],
                    "provider": "provider.aws"
                },
                "aws_iam_role.tfer--AWSServiceRoleForSupport": {
                    "type": "aws_iam_role",
                    "depends_on": [],
                    "primary": {
                        "id": "AWSServiceRoleForSupport",
                        "attributes": {
                            "arn": "arn:aws:iam::916016643386:role/aws-service-role/support.amazonaws.com/AWSServiceRoleForSupport",
                            "assume_role_policy": "{\"Version\":\"2012-10-17\",\"Statement\":[{\"Effect\":\"Allow\",\"Principal\":{\"Service\":\"support.amazonaws.com\"},\"Action\":\"sts:AssumeRole\"}]}",
                            "create_date": "2022-04-20T11:06:36Z",
                            "description": "Enables resource access for AWS to provide billing, administrative and support services",
                            "id": "AWSServiceRoleForSupport",
                            "inline_policy.#": "1",
                            "inline_policy.0.name": "",
                            "inline_policy.0.policy": "",
                            "managed_policy_arns.#": "1",
                            "managed_policy_arns.0": "arn:aws:iam::aws:policy/aws-service-role/AWSSupportServiceRolePolicy",
                            "max_session_duration": "3600",
                            "name": "AWSServiceRoleForSupport",
                            "name_prefix": "",
                            "path": "/aws-service-role/support.amazonaws.com/",
                            "tags.%": "0",
                            "tags_all.%": "0",
                            "unique_id": "AROA5KRWYXU5EVH73E67X"
                        },
                        "meta": {
                            "schema_version": 0
                        },
                        "tainted": false
                    },
                    "deposed": [],
                    "provider": "provider.aws"
                },
                "aws_iam_role.tfer--AWSServiceRoleForTrustedAdvisor": {
                    "type": "aws_iam_role",
                    "depends_on": [],
                    "primary": {
                        "id": "AWSServiceRoleForTrustedAdvisor",
                        "attributes": {
                            "arn": "arn:aws:iam::916016643386:role/aws-service-role/trustedadvisor.amazonaws.com/AWSServiceRoleForTrustedAdvisor",
                            "assume_role_policy": "{\"Version\":\"2012-10-17\",\"Statement\":[{\"Effect\":\"Allow\",\"Principal\":{\"Service\":\"trustedadvisor.amazonaws.com\"},\"Action\":\"sts:AssumeRole\"}]}",
                            "create_date": "2022-04-20T11:06:36Z",
                            "description": "Access for the AWS Trusted Advisor Service to help reduce cost, increase performance, and improve security of your AWS environment.",
                            "id": "AWSServiceRoleForTrustedAdvisor",
                            "inline_policy.#": "1",
                            "inline_policy.0.name": "",
                            "inline_policy.0.policy": "",
                            "managed_policy_arns.#": "1",
                            "managed_policy_arns.0": "arn:aws:iam::aws:policy/aws-service-role/AWSTrustedAdvisorServiceRolePolicy",
                            "max_session_duration": "3600",
                            "name": "AWSServiceRoleForTrustedAdvisor",
                            "name_prefix": "",
                            "path": "/aws-service-role/trustedadvisor.amazonaws.com/",
                            "tags.%": "0",
                            "tags_all.%": "0",
                            "unique_id": "AROA5KRWYXU5GYPS3P3E2"
                        },
                        "meta": {
                            "schema_version": 0
                        },
                        "tainted": false
                    },
                    "deposed": [],
                    "provider": "provider.aws"
                },
                "aws_iam_role.tfer--cdk-hnb659fds-cfn-exec-role-916016643386-ap-northeast-1": {
                    "type": "aws_iam_role",
                    "depends_on": [],
                    "primary": {
                        "id": "cdk-hnb659fds-cfn-exec-role-916016643386-ap-northeast-1",
                        "attributes": {
                            "arn": "arn:aws:iam::916016643386:role/cdk-hnb659fds-cfn-exec-role-916016643386-ap-northeast-1",
                            "assume_role_policy": "{\"Version\":\"2012-10-17\",\"Statement\":[{\"Effect\":\"Allow\",\"Principal\":{\"Service\":\"cloudformation.amazonaws.com\"},\"Action\":\"sts:AssumeRole\"}]}",
                            "create_date": "2022-07-03T05:15:59Z",
                            "description": "",
                            "id": "cdk-hnb659fds-cfn-exec-role-916016643386-ap-northeast-1",
                            "inline_policy.#": "1",
                            "inline_policy.0.name": "",
                            "inline_policy.0.policy": "",
                            "managed_policy_arns.#": "1",
                            "managed_policy_arns.0": "arn:aws:iam::aws:policy/AdministratorAccess",
                            "max_session_duration": "3600",
                            "name": "cdk-hnb659fds-cfn-exec-role-916016643386-ap-northeast-1",
                            "name_prefix": "",
                            "path": "/",
                            "tags.%": "0",
                            "tags_all.%": "0",
                            "unique_id": "AROA5KRWYXU5BHM63LNP6"
                        },
                        "meta": {
                            "schema_version": 0
                        },
                        "tainted": false
                    },
                    "deposed": [],
                    "provider": "provider.aws"
                },
                "aws_iam_role.tfer--cdk-hnb659fds-deploy-role-916016643386-ap-northeast-1": {
                    "type": "aws_iam_role",
                    "depends_on": [],
                    "primary": {
                        "id": "cdk-hnb659fds-deploy-role-916016643386-ap-northeast-1",
                        "attributes": {
                            "arn": "arn:aws:iam::916016643386:role/cdk-hnb659fds-deploy-role-916016643386-ap-northeast-1",
                            "assume_role_policy": "{\"Version\":\"2008-10-17\",\"Statement\":[{\"Effect\":\"Allow\",\"Principal\":{\"AWS\":\"arn:aws:iam::916016643386:root\"},\"Action\":\"sts:AssumeRole\"}]}",
                            "create_date": "2022-07-03T05:16:30Z",
                            "description": "",
                            "id": "cdk-hnb659fds-deploy-role-916016643386-ap-northeast-1",
                            "inline_policy.#": "1",
                            "inline_policy.0.name": "default",
                            "inline_policy.0.policy": "{\"Version\":\"2012-10-17\",\"Statement\":[{\"Action\":[\"cloudformation:CreateChangeSet\",\"cloudformation:DeleteChangeSet\",\"cloudformation:DescribeChangeSet\",\"cloudformation:DescribeStacks\",\"cloudformation:ExecuteChangeSet\",\"cloudformation:CreateStack\",\"cloudformation:UpdateStack\"],\"Resource\":\"*\",\"Effect\":\"Allow\",\"Sid\":\"CloudFormationPermissions\"},{\"Condition\":{\"StringNotEquals\":{\"s3:ResourceAccount\":\"916016643386\"}},\"Action\":[\"s3:GetObject*\",\"s3:GetBucket*\",\"s3:List*\",\"s3:Abort*\",\"s3:DeleteObject*\",\"s3:PutObject*\"],\"Resource\":\"*\",\"Effect\":\"Allow\",\"Sid\":\"PipelineCrossAccountArtifactsBucket\"},{\"Condition\":{\"StringEquals\":{\"kms:ViaService\":\"s3.ap-northeast-1.amazonaws.com\"}},\"Action\":[\"kms:Decrypt\",\"kms:DescribeKey\",\"kms:Encrypt\",\"kms:ReEncrypt*\",\"kms:GenerateDataKey*\"],\"Resource\":\"*\",\"Effect\":\"Allow\",\"Sid\":\"PipelineCrossAccountArtifactsKey\"},{\"Action\":\"iam:PassRole\",\"Resource\":\"arn:aws:iam::916016643386:role/cdk-hnb659fds-cfn-exec-role-916016643386-ap-northeast-1\",\"Effect\":\"Allow\"},{\"Action\":[\"cloudformation:DescribeStackEvents\",\"cloudformation:GetTemplate\",\"cloudformation:DeleteStack\",\"cloudformation:UpdateTerminationProtection\",\"sts:GetCallerIdentity\",\"cloudformation:GetTemplateSummary\"],\"Resource\":\"*\",\"Effect\":\"Allow\",\"Sid\":\"CliPermissions\"},{\"Action\":[\"s3:GetObject*\",\"s3:GetBucket*\",\"s3:List*\"],\"Resource\":[\"arn:aws:s3:::cdk-hnb659fds-assets-916016643386-ap-northeast-1\",\"arn:aws:s3:::cdk-hnb659fds-assets-916016643386-ap-northeast-1/*\"],\"Effect\":\"Allow\",\"Sid\":\"CliStagingBucket\"},{\"Action\":[\"ssm:GetParameter\"],\"Resource\":[\"arn:aws:ssm:ap-northeast-1:916016643386:parameter/cdk-bootstrap/hnb659fds/version\"],\"Effect\":\"Allow\",\"Sid\":\"ReadVersion\"}]}",
                            "managed_policy_arns.#": "0",
                            "max_session_duration": "3600",
                            "name": "cdk-hnb659fds-deploy-role-916016643386-ap-northeast-1",
                            "name_prefix": "",
                            "path": "/",
                            "tags.%": "1",
                            "tags.aws-cdk:bootstrap-role": "deploy",
                            "tags_all.%": "1",
                            "tags_all.aws-cdk:bootstrap-role": "deploy",
                            "unique_id": "AROA5KRWYXU5B3WX55TD7"
                        },
                        "meta": {
                            "schema_version": 0
                        },
                        "tainted": false
                    },
                    "deposed": [],
                    "provider": "provider.aws"
                },
                "aws_iam_role.tfer--cdk-hnb659fds-file-publishing-role-916016643386-ap-northeast-1": {
                    "type": "aws_iam_role",
                    "depends_on": [],
                    "primary": {
                        "id": "cdk-hnb659fds-file-publishing-role-916016643386-ap-northeast-1",
                        "attributes": {
                            "arn": "arn:aws:iam::916016643386:role/cdk-hnb659fds-file-publishing-role-916016643386-ap-northeast-1",
                            "assume_role_policy": "{\"Version\":\"2008-10-17\",\"Statement\":[{\"Effect\":\"Allow\",\"Principal\":{\"AWS\":\"arn:aws:iam::916016643386:root\"},\"Action\":\"sts:AssumeRole\"}]}",
                            "create_date": "2022-07-03T05:15:58Z",
                            "description": "",
                            "id": "cdk-hnb659fds-file-publishing-role-916016643386-ap-northeast-1",
                            "inline_policy.#": "1",
                            "inline_policy.0.name": "cdk-hnb659fds-file-publishing-role-default-policy-916016643386-ap-northeast-1",
                            "inline_policy.0.policy": "{\"Version\":\"2012-10-17\",\"Statement\":[{\"Action\":[\"s3:GetObject*\",\"s3:GetBucket*\",\"s3:GetEncryptionConfiguration\",\"s3:List*\",\"s3:DeleteObject*\",\"s3:PutObject*\",\"s3:Abort*\"],\"Resource\":[\"arn:aws:s3:::cdk-hnb659fds-assets-916016643386-ap-northeast-1\",\"arn:aws:s3:::cdk-hnb659fds-assets-916016643386-ap-northeast-1/*\"],\"Effect\":\"Allow\"},{\"Action\":[\"kms:Decrypt\",\"kms:DescribeKey\",\"kms:Encrypt\",\"kms:ReEncrypt*\",\"kms:GenerateDataKey*\"],\"Resource\":\"arn:aws:kms:ap-northeast-1:916016643386:key/AWS_MANAGED_KEY\",\"Effect\":\"Allow\"}]}",
                            "managed_policy_arns.#": "0",
                            "max_session_duration": "3600",
                            "name": "cdk-hnb659fds-file-publishing-role-916016643386-ap-northeast-1",
                            "name_prefix": "",
                            "path": "/",
                            "tags.%": "1",
                            "tags.aws-cdk:bootstrap-role": "file-publishing",
                            "tags_all.%": "1",
                            "tags_all.aws-cdk:bootstrap-role": "file-publishing",
                            "unique_id": "AROA5KRWYXU5GL43MV3JV"
                        },
                        "meta": {
                            "schema_version": 0
                        },
                        "tainted": false
                    },
                    "deposed": [],
                    "provider": "provider.aws"
                },
                "aws_iam_role.tfer--cdk-hnb659fds-image-publishing-role-916016643386-ap-northeast-1": {
                    "type": "aws_iam_role",
                    "depends_on": [],
                    "primary": {
                        "id": "cdk-hnb659fds-image-publishing-role-916016643386-ap-northeast-1",
                        "attributes": {
                            "arn": "arn:aws:iam::916016643386:role/cdk-hnb659fds-image-publishing-role-916016643386-ap-northeast-1",
                            "assume_role_policy": "{\"Version\":\"2008-10-17\",\"Statement\":[{\"Effect\":\"Allow\",\"Principal\":{\"AWS\":\"arn:aws:iam::916016643386:root\"},\"Action\":\"sts:AssumeRole\"}]}",
                            "create_date": "2022-07-03T05:15:58Z",
                            "description": "",
                            "id": "cdk-hnb659fds-image-publishing-role-916016643386-ap-northeast-1",
                            "inline_policy.#": "1",
                            "inline_policy.0.name": "cdk-hnb659fds-image-publishing-role-default-policy-916016643386-ap-northeast-1",
                            "inline_policy.0.policy": "{\"Version\":\"2012-10-17\",\"Statement\":[{\"Action\":[\"ecr:PutImage\",\"ecr:InitiateLayerUpload\",\"ecr:UploadLayerPart\",\"ecr:CompleteLayerUpload\",\"ecr:BatchCheckLayerAvailability\",\"ecr:DescribeRepositories\",\"ecr:DescribeImages\",\"ecr:BatchGetImage\",\"ecr:GetDownloadUrlForLayer\"],\"Resource\":\"arn:aws:ecr:ap-northeast-1:916016643386:repository/cdk-hnb659fds-container-assets-916016643386-ap-northeast-1\",\"Effect\":\"Allow\"},{\"Action\":[\"ecr:GetAuthorizationToken\"],\"Resource\":\"*\",\"Effect\":\"Allow\"}]}",
                            "managed_policy_arns.#": "0",
                            "max_session_duration": "3600",
                            "name": "cdk-hnb659fds-image-publishing-role-916016643386-ap-northeast-1",
                            "name_prefix": "",
                            "path": "/",
                            "tags.%": "1",
                            "tags.aws-cdk:bootstrap-role": "image-publishing",
                            "tags_all.%": "1",
                            "tags_all.aws-cdk:bootstrap-role": "image-publishing",
                            "unique_id": "AROA5KRWYXU5NKGAOWURL"
                        },
                        "meta": {
                            "schema_version": 0
                        },
                        "tainted": false
                    },
                    "deposed": [],
                    "provider": "provider.aws"
                },
                "aws_iam_role.tfer--cdk-hnb659fds-lookup-role-916016643386-ap-northeast-1": {
                    "type": "aws_iam_role",
                    "depends_on": [],
                    "primary": {
                        "id": "cdk-hnb659fds-lookup-role-916016643386-ap-northeast-1",
                        "attributes": {
                            "arn": "arn:aws:iam::916016643386:role/cdk-hnb659fds-lookup-role-916016643386-ap-northeast-1",
                            "assume_role_policy": "{\"Version\":\"2008-10-17\",\"Statement\":[{\"Effect\":\"Allow\",\"Principal\":{\"AWS\":\"arn:aws:iam::916016643386:root\"},\"Action\":\"sts:AssumeRole\"}]}",
                            "create_date": "2022-07-03T05:15:58Z",
                            "description": "",
                            "id": "cdk-hnb659fds-lookup-role-916016643386-ap-northeast-1",
                            "inline_policy.#": "1",
                            "inline_policy.0.name": "LookupRolePolicy",
                            "inline_policy.0.policy": "{\"Version\":\"2012-10-17\",\"Statement\":[{\"Action\":[\"kms:Decrypt\"],\"Resource\":\"*\",\"Effect\":\"Deny\",\"Sid\":\"DontReadSecrets\"}]}",
                            "managed_policy_arns.#": "1",
                            "managed_policy_arns.0": "arn:aws:iam::aws:policy/ReadOnlyAccess",
                            "max_session_duration": "3600",
                            "name": "cdk-hnb659fds-lookup-role-916016643386-ap-northeast-1",
                            "name_prefix": "",
                            "path": "/",
                            "tags.%": "1",
                            "tags.aws-cdk:bootstrap-role": "lookup",
                            "tags_all.%": "1",
                            "tags_all.aws-cdk:bootstrap-role": "lookup",
                            "unique_id": "AROA5KRWYXU5MR7EADXBO"
                        },
                        "meta": {
                            "schema_version": 0
                        },
                        "tainted": false
                    },
                    "deposed": [],
                    "provider": "provider.aws"
                },
                "aws_iam_role_policy.tfer--cdk-hnb659fds-deploy-role-916016643386-ap-northeast-1_default": {
                    "type": "aws_iam_role_policy",
                    "depends_on": [],
                    "primary": {
                        "id": "cdk-hnb659fds-deploy-role-916016643386-ap-northeast-1:default",
                        "attributes": {
                            "id": "cdk-hnb659fds-deploy-role-916016643386-ap-northeast-1:default",
                            "name": "default",
                            "policy": "{\"Version\":\"2012-10-17\",\"Statement\":[{\"Action\":[\"cloudformation:CreateChangeSet\",\"cloudformation:DeleteChangeSet\",\"cloudformation:DescribeChangeSet\",\"cloudformation:DescribeStacks\",\"cloudformation:ExecuteChangeSet\",\"cloudformation:CreateStack\",\"cloudformation:UpdateStack\"],\"Resource\":\"*\",\"Effect\":\"Allow\",\"Sid\":\"CloudFormationPermissions\"},{\"Condition\":{\"StringNotEquals\":{\"s3:ResourceAccount\":\"916016643386\"}},\"Action\":[\"s3:GetObject*\",\"s3:GetBucket*\",\"s3:List*\",\"s3:Abort*\",\"s3:DeleteObject*\",\"s3:PutObject*\"],\"Resource\":\"*\",\"Effect\":\"Allow\",\"Sid\":\"PipelineCrossAccountArtifactsBucket\"},{\"Condition\":{\"StringEquals\":{\"kms:ViaService\":\"s3.ap-northeast-1.amazonaws.com\"}},\"Action\":[\"kms:Decrypt\",\"kms:DescribeKey\",\"kms:Encrypt\",\"kms:ReEncrypt*\",\"kms:GenerateDataKey*\"],\"Resource\":\"*\",\"Effect\":\"Allow\",\"Sid\":\"PipelineCrossAccountArtifactsKey\"},{\"Action\":\"iam:PassRole\",\"Resource\":\"arn:aws:iam::916016643386:role/cdk-hnb659fds-cfn-exec-role-916016643386-ap-northeast-1\",\"Effect\":\"Allow\"},{\"Action\":[\"cloudformation:DescribeStackEvents\",\"cloudformation:GetTemplate\",\"cloudformation:DeleteStack\",\"cloudformation:UpdateTerminationProtection\",\"sts:GetCallerIdentity\",\"cloudformation:GetTemplateSummary\"],\"Resource\":\"*\",\"Effect\":\"Allow\",\"Sid\":\"CliPermissions\"},{\"Action\":[\"s3:GetObject*\",\"s3:GetBucket*\",\"s3:List*\"],\"Resource\":[\"arn:aws:s3:::cdk-hnb659fds-assets-916016643386-ap-northeast-1\",\"arn:aws:s3:::cdk-hnb659fds-assets-916016643386-ap-northeast-1/*\"],\"Effect\":\"Allow\",\"Sid\":\"CliStagingBucket\"},{\"Action\":[\"ssm:GetParameter\"],\"Resource\":[\"arn:aws:ssm:ap-northeast-1:916016643386:parameter/cdk-bootstrap/hnb659fds/version\"],\"Effect\":\"Allow\",\"Sid\":\"ReadVersion\"}]}",
                            "role": "cdk-hnb659fds-deploy-role-916016643386-ap-northeast-1"
                        },
                        "meta": {
                            "schema_version": 0
                        },
                        "tainted": false
                    },
                    "deposed": [],
                    "provider": "provider.aws"
                },
                "aws_iam_role_policy.tfer--cdk-hnb659fds-file-publishing-role-916016643386-ap-northeast-1_cdk-hnb659fds-file-publishing-role-default-policy-916016643386-ap-northeast-1": {
                    "type": "aws_iam_role_policy",
                    "depends_on": [],
                    "primary": {
                        "id": "cdk-hnb659fds-file-publishing-role-916016643386-ap-northeast-1:cdk-hnb659fds-file-publishing-role-default-policy-916016643386-ap-northeast-1",
                        "attributes": {
                            "id": "cdk-hnb659fds-file-publishing-role-916016643386-ap-northeast-1:cdk-hnb659fds-file-publishing-role-default-policy-916016643386-ap-northeast-1",
                            "name": "cdk-hnb659fds-file-publishing-role-default-policy-916016643386-ap-northeast-1",
                            "policy": "{\"Version\":\"2012-10-17\",\"Statement\":[{\"Action\":[\"s3:GetObject*\",\"s3:GetBucket*\",\"s3:GetEncryptionConfiguration\",\"s3:List*\",\"s3:DeleteObject*\",\"s3:PutObject*\",\"s3:Abort*\"],\"Resource\":[\"arn:aws:s3:::cdk-hnb659fds-assets-916016643386-ap-northeast-1\",\"arn:aws:s3:::cdk-hnb659fds-assets-916016643386-ap-northeast-1/*\"],\"Effect\":\"Allow\"},{\"Action\":[\"kms:Decrypt\",\"kms:DescribeKey\",\"kms:Encrypt\",\"kms:ReEncrypt*\",\"kms:GenerateDataKey*\"],\"Resource\":\"arn:aws:kms:ap-northeast-1:916016643386:key/AWS_MANAGED_KEY\",\"Effect\":\"Allow\"}]}",
                            "role": "cdk-hnb659fds-file-publishing-role-916016643386-ap-northeast-1"
                        },
                        "meta": {
                            "schema_version": 0
                        },
                        "tainted": false
                    },
                    "deposed": [],
                    "provider": "provider.aws"
                },
                "aws_iam_role_policy.tfer--cdk-hnb659fds-image-publishing-role-916016643386-ap-northeast-1_cdk-hnb659fds-image-publishing-role-default-policy-916016643386-ap-northeast-1": {
                    "type": "aws_iam_role_policy",
                    "depends_on": [],
                    "primary": {
                        "id": "cdk-hnb659fds-image-publishing-role-916016643386-ap-northeast-1:cdk-hnb659fds-image-publishing-role-default-policy-916016643386-ap-northeast-1",
                        "attributes": {
                            "id": "cdk-hnb659fds-image-publishing-role-916016643386-ap-northeast-1:cdk-hnb659fds-image-publishing-role-default-policy-916016643386-ap-northeast-1",
                            "name": "cdk-hnb659fds-image-publishing-role-default-policy-916016643386-ap-northeast-1",
                            "policy": "{\"Version\":\"2012-10-17\",\"Statement\":[{\"Action\":[\"ecr:PutImage\",\"ecr:InitiateLayerUpload\",\"ecr:UploadLayerPart\",\"ecr:CompleteLayerUpload\",\"ecr:BatchCheckLayerAvailability\",\"ecr:DescribeRepositories\",\"ecr:DescribeImages\",\"ecr:BatchGetImage\",\"ecr:GetDownloadUrlForLayer\"],\"Resource\":\"arn:aws:ecr:ap-northeast-1:916016643386:repository/cdk-hnb659fds-container-assets-916016643386-ap-northeast-1\",\"Effect\":\"Allow\"},{\"Action\":[\"ecr:GetAuthorizationToken\"],\"Resource\":\"*\",\"Effect\":\"Allow\"}]}",
                            "role": "cdk-hnb659fds-image-publishing-role-916016643386-ap-northeast-1"
                        },
                        "meta": {
                            "schema_version": 0
                        },
                        "tainted": false
                    },
                    "deposed": [],
                    "provider": "provider.aws"
                },
                "aws_iam_role_policy.tfer--cdk-hnb659fds-lookup-role-916016643386-ap-northeast-1_LookupRolePolicy": {
                    "type": "aws_iam_role_policy",
                    "depends_on": [],
                    "primary": {
                        "id": "cdk-hnb659fds-lookup-role-916016643386-ap-northeast-1:LookupRolePolicy",
                        "attributes": {
                            "id": "cdk-hnb659fds-lookup-role-916016643386-ap-northeast-1:LookupRolePolicy",
                            "name": "LookupRolePolicy",
                            "policy": "{\"Version\":\"2012-10-17\",\"Statement\":[{\"Action\":[\"kms:Decrypt\"],\"Resource\":\"*\",\"Effect\":\"Deny\",\"Sid\":\"DontReadSecrets\"}]}",
                            "role": "cdk-hnb659fds-lookup-role-916016643386-ap-northeast-1"
                        },
                        "meta": {
                            "schema_version": 0
                        },
                        "tainted": false
                    },
                    "deposed": [],
                    "provider": "provider.aws"
                },
                "aws_iam_role_policy_attachment.tfer--AWSServiceRoleForAPIGateway_APIGatewayServiceRolePolicy": {
                    "type": "aws_iam_role_policy_attachment",
                    "depends_on": [],
                    "primary": {
                        "id": "AWSServiceRoleForAPIGateway/arn:aws:iam::aws:policy/aws-service-role/APIGatewayServiceRolePolicy",
                        "attributes": {
                            "id": "AWSServiceRoleForAPIGateway/arn:aws:iam::aws:policy/aws-service-role/APIGatewayServiceRolePolicy",
                            "policy_arn": "arn:aws:iam::aws:policy/aws-service-role/APIGatewayServiceRolePolicy",
                            "role": "AWSServiceRoleForAPIGateway"
                        },
                        "meta": {
                            "schema_version": 0
                        },
                        "tainted": false
                    },
                    "deposed": [],
                    "provider": "provider.aws"
                },
                "aws_iam_role_policy_attachment.tfer--AWSServiceRoleForSupport_AWSSupportServiceRolePolicy": {
                    "type": "aws_iam_role_policy_attachment",
                    "depends_on": [],
                    "primary": {
                        "id": "AWSServiceRoleForSupport/arn:aws:iam::aws:policy/aws-service-role/AWSSupportServiceRolePolicy",
                        "attributes": {
                            "id": "AWSServiceRoleForSupport/arn:aws:iam::aws:policy/aws-service-role/AWSSupportServiceRolePolicy",
                            "policy_arn": "arn:aws:iam::aws:policy/aws-service-role/AWSSupportServiceRolePolicy",
                            "role": "AWSServiceRoleForSupport"
                        },
                        "meta": {
                            "schema_version": 0
                        },
                        "tainted": false
                    },
                    "deposed": [],
                    "provider": "provider.aws"
                },
                "aws_iam_role_policy_attachment.tfer--AWSServiceRoleForTrustedAdvisor_AWSTrustedAdvisorServiceRolePolicy": {
                    "type": "aws_iam_role_policy_attachment",
                    "depends_on": [],
                    "primary": {
                        "id": "AWSServiceRoleForTrustedAdvisor/arn:aws:iam::aws:policy/aws-service-role/AWSTrustedAdvisorServiceRolePolicy",
                        "attributes": {
                            "id": "AWSServiceRoleForTrustedAdvisor/arn:aws:iam::aws:policy/aws-service-role/AWSTrustedAdvisorServiceRolePolicy",
                            "policy_arn": "arn:aws:iam::aws:policy/aws-service-role/AWSTrustedAdvisorServiceRolePolicy",
                            "role": "AWSServiceRoleForTrustedAdvisor"
                        },
                        "meta": {
                            "schema_version": 0
                        },
                        "tainted": false
                    },
                    "deposed": [],
                    "provider": "provider.aws"
                },
                "aws_iam_role_policy_attachment.tfer--cdk-hnb659fds-cfn-exec-role-916016643386-ap-northeast-1_AdministratorAccess": {
                    "type": "aws_iam_role_policy_attachment",
                    "depends_on": [],
                    "primary": {
                        "id": "cdk-hnb659fds-cfn-exec-role-916016643386-ap-northeast-1/arn:aws:iam::aws:policy/AdministratorAccess",
                        "attributes": {
                            "id": "cdk-hnb659fds-cfn-exec-role-916016643386-ap-northeast-1/arn:aws:iam::aws:policy/AdministratorAccess",
                            "policy_arn": "arn:aws:iam::aws:policy/AdministratorAccess",
                            "role": "cdk-hnb659fds-cfn-exec-role-916016643386-ap-northeast-1"
                        },
                        "meta": {
                            "schema_version": 0
                        },
                        "tainted": false
                    },
                    "deposed": [],
                    "provider": "provider.aws"
                },
                "aws_iam_role_policy_attachment.tfer--cdk-hnb659fds-lookup-role-916016643386-ap-northeast-1_ReadOnlyAccess": {
                    "type": "aws_iam_role_policy_attachment",
                    "depends_on": [],
                    "primary": {
                        "id": "cdk-hnb659fds-lookup-role-916016643386-ap-northeast-1/arn:aws:iam::aws:policy/ReadOnlyAccess",
                        "attributes": {
                            "id": "cdk-hnb659fds-lookup-role-916016643386-ap-northeast-1/arn:aws:iam::aws:policy/ReadOnlyAccess",
                            "policy_arn": "arn:aws:iam::aws:policy/ReadOnlyAccess",
                            "role": "cdk-hnb659fds-lookup-role-916016643386-ap-northeast-1"
                        },
                        "meta": {
                            "schema_version": 0
                        },
                        "tainted": false
                    },
                    "deposed": [],
                    "provider": "provider.aws"
                },
                "aws_iam_user.tfer--AIDA5KRWYXU5AVDUM5AEZ": {
                    "type": "aws_iam_user",
                    "depends_on": [],
                    "primary": {
                        "id": "Test_Develop",
                        "attributes": {
                            "arn": "arn:aws:iam::916016643386:user/Test_Develop",
                            "force_destroy": "false",
                            "id": "Test_Develop",
                            "name": "Test_Develop",
                            "path": "/",
                            "tags.%": "2",
                            "tags.AKIA5KRWYXU5HTXKZ467": "test1 accesskey",
                            "tags.name": "",
                            "tags_all.%": "2",
                            "tags_all.AKIA5KRWYXU5HTXKZ467": "test1 accesskey",
                            "tags_all.name": "",
                            "unique_id": "AIDA5KRWYXU5AVDUM5AEZ"
                        },
                        "meta": {
                            "schema_version": 0
                        },
                        "tainted": false
                    },
                    "deposed": [],
                    "provider": "provider.aws"
                },
                "aws_iam_user.tfer--AIDA5KRWYXU5L2QCPTA44": {
                    "type": "aws_iam_user",
                    "depends_on": [],
                    "primary": {
                        "id": "maeda@masatala",
                        "attributes": {
                            "arn": "arn:aws:iam::916016643386:user/maeda@masatala",
                            "force_destroy": "false",
                            "id": "maeda@masatala",
                            "name": "maeda@masatala",
                            "path": "/",
                            "tags.%": "0",
                            "tags_all.%": "0",
                            "unique_id": "AIDA5KRWYXU5L2QCPTA44"
                        },
                        "meta": {
                            "schema_version": 0
                        },
                        "tainted": false
                    },
                    "deposed": [],
                    "provider": "provider.aws"
                },
                "aws_iam_user_group_membership.tfer--Test_Develop-002F-admin": {
                    "type": "aws_iam_user_group_membership",
                    "depends_on": [],
                    "primary": {
                        "id": "Test_Develop/admin",
                        "attributes": {
                            "groups.#": "1",
                            "groups.0": "admin",
                            "id": "Test_Develop/admin",
                            "user": "Test_Develop"
                        },
                        "meta": {
                            "schema_version": 0
                        },
                        "tainted": false
                    },
                    "deposed": [],
                    "provider": "provider.aws"
                },
                "aws_iam_user_policy_attachment.tfer--maeda-0040-masatala_IAMUserChangePassword": {
                    "type": "aws_iam_user_policy_attachment",
                    "depends_on": [],
                    "primary": {
                        "id": "maeda@masatala/arn:aws:iam::aws:policy/IAMUserChangePassword",
                        "attributes": {
                            "id": "maeda@masatala/arn:aws:iam::aws:policy/IAMUserChangePassword",
                            "policy_arn": "arn:aws:iam::aws:policy/IAMUserChangePassword",
                            "user": "maeda@masatala"
                        },
                        "meta": {
                            "schema_version": 0
                        },
                        "tainted": false
                    },
                    "deposed": [],
                    "provider": "provider.aws"
                }
            },
            "depends_on": []
        }
    ]
}
