{
    "version": 3,
    "terraform_version": "0.12.31",
    "serial": 1,
    "lineage": "2e345820-ddee-ae16-b92b-a5a044ffa02f",
    "modules": [
        {
            "path": [
                "root"
            ],
            "outputs": {
                "aws_cloudwatch_log_group_tfer---002F-aws-002F-apigateway-002F-welcome_id": {
                    "sensitive": false,
                    "type": "string",
                    "value": "/aws/apigateway/welcome"
                },
                "aws_cloudwatch_log_group_tfer---002F-aws-002F-lambda-002F-Bashoutter-CustomCDKBucketDeployment8693BB64968944-OBzyoKpWkQtG_id": {
                    "sensitive": false,
                    "type": "string",
                    "value": "/aws/lambda/Bashoutter-CustomCDKBucketDeployment8693BB64968944-OBzyoKpWkQtG"
                },
                "aws_cloudwatch_log_group_tfer---002F-aws-002F-lambda-002F-Bashoutter-DeleteHaiku00D7384E-agyunwhfieNv_id": {
                    "sensitive": false,
                    "type": "string",
                    "value": "/aws/lambda/Bashoutter-DeleteHaiku00D7384E-agyunwhfieNv"
                },
                "aws_cloudwatch_log_group_tfer---002F-aws-002F-lambda-002F-Bashoutter-GetHaikuC7B049E1-xSjYVJgFEZLV_id": {
                    "sensitive": false,
                    "type": "string",
                    "value": "/aws/lambda/Bashoutter-GetHaikuC7B049E1-xSjYVJgFEZLV"
                },
                "aws_cloudwatch_log_group_tfer---002F-aws-002F-lambda-002F-Bashoutter-PatchHaikuEEDD2CD8-qup3gDjpPbvE_id": {
                    "sensitive": false,
                    "type": "string",
                    "value": "/aws/lambda/Bashoutter-PatchHaikuEEDD2CD8-qup3gDjpPbvE"
                },
                "aws_cloudwatch_log_group_tfer---002F-aws-002F-lambda-002F-Bashoutter-PostHaiku878ED62F-2vApLXgo4sWl_id": {
                    "sensitive": false,
                    "type": "string",
                    "value": "/aws/lambda/Bashoutter-PostHaiku878ED62F-2vApLXgo4sWl"
                },
                "aws_cloudwatch_log_group_tfer---002F-aws-002F-lambda-002F-SimpleLambda-LambdaHandler212865DC-YiuTnqXHRcIe_id": {
                    "sensitive": false,
                    "type": "string",
                    "value": "/aws/lambda/SimpleLambda-LambdaHandler212865DC-YiuTnqXHRcIe"
                }
            },
            "resources": {
                "aws_cloudwatch_log_group.tfer---002F-aws-002F-apigateway-002F-welcome": {
                    "type": "aws_cloudwatch_log_group",
                    "depends_on": [],
                    "primary": {
                        "id": "/aws/apigateway/welcome",
                        "attributes": {
                            "arn": "arn:aws:logs:ap-northeast-1:916016643386:log-group:/aws/apigateway/welcome",
                            "id": "/aws/apigateway/welcome",
                            "kms_key_id": "",
                            "name": "/aws/apigateway/welcome",
                            "retention_in_days": "0",
                            "tags.%": "0",
                            "tags_all.%": "0"
                        },
                        "meta": {
                            "schema_version": 0
                        },
                        "tainted": false
                    },
                    "deposed": [],
                    "provider": "provider.aws"
                },
                "aws_cloudwatch_log_group.tfer---002F-aws-002F-lambda-002F-Bashoutter-CustomCDKBucketDeployment8693BB64968944-OBzyoKpWkQtG": {
                    "type": "aws_cloudwatch_log_group",
                    "depends_on": [],
                    "primary": {
                        "id": "/aws/lambda/Bashoutter-CustomCDKBucketDeployment8693BB64968944-OBzyoKpWkQtG",
                        "attributes": {
                            "arn": "arn:aws:logs:ap-northeast-1:916016643386:log-group:/aws/lambda/Bashoutter-CustomCDKBucketDeployment8693BB64968944-OBzyoKpWkQtG",
                            "id": "/aws/lambda/Bashoutter-CustomCDKBucketDeployment8693BB64968944-OBzyoKpWkQtG",
                            "kms_key_id": "",
                            "name": "/aws/lambda/Bashoutter-CustomCDKBucketDeployment8693BB64968944-OBzyoKpWkQtG",
                            "retention_in_days": "0",
                            "tags.%": "0",
                            "tags_all.%": "0"
                        },
                        "meta": {
                            "schema_version": 0
                        },
                        "tainted": false
                    },
                    "deposed": [],
                    "provider": "provider.aws"
                },
                "aws_cloudwatch_log_group.tfer---002F-aws-002F-lambda-002F-Bashoutter-DeleteHaiku00D7384E-agyunwhfieNv": {
                    "type": "aws_cloudwatch_log_group",
                    "depends_on": [],
                    "primary": {
                        "id": "/aws/lambda/Bashoutter-DeleteHaiku00D7384E-agyunwhfieNv",
                        "attributes": {
                            "arn": "arn:aws:logs:ap-northeast-1:916016643386:log-group:/aws/lambda/Bashoutter-DeleteHaiku00D7384E-agyunwhfieNv",
                            "id": "/aws/lambda/Bashoutter-DeleteHaiku00D7384E-agyunwhfieNv",
                            "kms_key_id": "",
                            "name": "/aws/lambda/Bashoutter-DeleteHaiku00D7384E-agyunwhfieNv",
                            "retention_in_days": "0",
                            "tags.%": "0",
                            "tags_all.%": "0"
                        },
                        "meta": {
                            "schema_version": 0
                        },
                        "tainted": false
                    },
                    "deposed": [],
                    "provider": "provider.aws"
                },
                "aws_cloudwatch_log_group.tfer---002F-aws-002F-lambda-002F-Bashoutter-GetHaikuC7B049E1-xSjYVJgFEZLV": {
                    "type": "aws_cloudwatch_log_group",
                    "depends_on": [],
                    "primary": {
                        "id": "/aws/lambda/Bashoutter-GetHaikuC7B049E1-xSjYVJgFEZLV",
                        "attributes": {
                            "arn": "arn:aws:logs:ap-northeast-1:916016643386:log-group:/aws/lambda/Bashoutter-GetHaikuC7B049E1-xSjYVJgFEZLV",
                            "id": "/aws/lambda/Bashoutter-GetHaikuC7B049E1-xSjYVJgFEZLV",
                            "kms_key_id": "",
                            "name": "/aws/lambda/Bashoutter-GetHaikuC7B049E1-xSjYVJgFEZLV",
                            "retention_in_days": "0",
                            "tags.%": "0",
                            "tags_all.%": "0"
                        },
                        "meta": {
                            "schema_version": 0
                        },
                        "tainted": false
                    },
                    "deposed": [],
                    "provider": "provider.aws"
                },
                "aws_cloudwatch_log_group.tfer---002F-aws-002F-lambda-002F-Bashoutter-PatchHaikuEEDD2CD8-qup3gDjpPbvE": {
                    "type": "aws_cloudwatch_log_group",
                    "depends_on": [],
                    "primary": {
                        "id": "/aws/lambda/Bashoutter-PatchHaikuEEDD2CD8-qup3gDjpPbvE",
                        "attributes": {
                            "arn": "arn:aws:logs:ap-northeast-1:916016643386:log-group:/aws/lambda/Bashoutter-PatchHaikuEEDD2CD8-qup3gDjpPbvE",
                            "id": "/aws/lambda/Bashoutter-PatchHaikuEEDD2CD8-qup3gDjpPbvE",
                            "kms_key_id": "",
                            "name": "/aws/lambda/Bashoutter-PatchHaikuEEDD2CD8-qup3gDjpPbvE",
                            "retention_in_days": "0",
                            "tags.%": "0",
                            "tags_all.%": "0"
                        },
                        "meta": {
                            "schema_version": 0
                        },
                        "tainted": false
                    },
                    "deposed": [],
                    "provider": "provider.aws"
                },
                "aws_cloudwatch_log_group.tfer---002F-aws-002F-lambda-002F-Bashoutter-PostHaiku878ED62F-2vApLXgo4sWl": {
                    "type": "aws_cloudwatch_log_group",
                    "depends_on": [],
                    "primary": {
                        "id": "/aws/lambda/Bashoutter-PostHaiku878ED62F-2vApLXgo4sWl",
                        "attributes": {
                            "arn": "arn:aws:logs:ap-northeast-1:916016643386:log-group:/aws/lambda/Bashoutter-PostHaiku878ED62F-2vApLXgo4sWl",
                            "id": "/aws/lambda/Bashoutter-PostHaiku878ED62F-2vApLXgo4sWl",
                            "kms_key_id": "",
                            "name": "/aws/lambda/Bashoutter-PostHaiku878ED62F-2vApLXgo4sWl",
                            "retention_in_days": "0",
                            "tags.%": "0",
                            "tags_all.%": "0"
                        },
                        "meta": {
                            "schema_version": 0
                        },
                        "tainted": false
                    },
                    "deposed": [],
                    "provider": "provider.aws"
                },
                "aws_cloudwatch_log_group.tfer---002F-aws-002F-lambda-002F-SimpleLambda-LambdaHandler212865DC-YiuTnqXHRcIe": {
                    "type": "aws_cloudwatch_log_group",
                    "depends_on": [],
                    "primary": {
                        "id": "/aws/lambda/SimpleLambda-LambdaHandler212865DC-YiuTnqXHRcIe",
                        "attributes": {
                            "arn": "arn:aws:logs:ap-northeast-1:916016643386:log-group:/aws/lambda/SimpleLambda-LambdaHandler212865DC-YiuTnqXHRcIe",
                            "id": "/aws/lambda/SimpleLambda-LambdaHandler212865DC-YiuTnqXHRcIe",
                            "kms_key_id": "",
                            "name": "/aws/lambda/SimpleLambda-LambdaHandler212865DC-YiuTnqXHRcIe",
                            "retention_in_days": "0",
                            "tags.%": "0",
                            "tags_all.%": "0"
                        },
                        "meta": {
                            "schema_version": 0
                        },
                        "tainted": false
                    },
                    "deposed": [],
                    "provider": "provider.aws"
                }
            },
            "depends_on": []
        }
    ]
}
