{
    "version": 3,
    "terraform_version": "0.12.31",
    "serial": 1,
    "lineage": "1fbd5912-7a24-4ae2-b4e6-df61c72b9454",
    "modules": [
        {
            "path": [
                "root"
            ],
            "outputs": {
                "aws_iam_instance_profile_tfer--AWSCloud9SSMInstanceProfile_id": {
                    "sensitive": false,
                    "type": "string",
                    "value": "AWSCloud9SSMInstanceProfile"
                },
                "aws_iam_instance_profile_tfer--datalake-ec2-InstanceProfile-5L3JP2TifoNG_id": {
                    "sensitive": false,
                    "type": "string",
                    "value": "datalake-ec2-InstanceProfile-5L3JP2TifoNG"
                },
                "aws_iam_instance_profile_tfer--test2roll_id": {
                    "sensitive": false,
                    "type": "string",
                    "value": "test2roll"
                },
                "aws_iam_instance_profile_tfer--test3Wordpressroll_id": {
                    "sensitive": false,
                    "type": "string",
                    "value": "test3Wordpressroll"
                },
                "aws_iam_role_policy_attachment_tfer--AWSServiceRoleForAWSCloud9_AWSCloud9ServiceRolePolicy_id": {
                    "sensitive": false,
                    "type": "string",
                    "value": "AWSServiceRoleForAWSCloud9/arn:aws:iam::aws:policy/aws-service-role/AWSCloud9ServiceRolePolicy"
                },
                "aws_iam_role_policy_attachment_tfer--AWSServiceRoleForAmazonSSM_AmazonSSMServiceRolePolicy_id": {
                    "sensitive": false,
                    "type": "string",
                    "value": "AWSServiceRoleForAmazonSSM/arn:aws:iam::aws:policy/aws-service-role/AmazonSSMServiceRolePolicy"
                },
                "aws_iam_role_policy_attachment_tfer--AWSServiceRoleForElasticLoadBalancing_AWSElasticLoadBalancingServiceRolePolicy_id": {
                    "sensitive": false,
                    "type": "string",
                    "value": "AWSServiceRoleForElasticLoadBalancing/arn:aws:iam::aws:policy/aws-service-role/AWSElasticLoadBalancingServiceRolePolicy"
                },
                "aws_iam_role_policy_attachment_tfer--AWSServiceRoleForImageBuilder_AWSServiceRoleForImageBuilder_id": {
                    "sensitive": false,
                    "type": "string",
                    "value": "AWSServiceRoleForImageBuilder/arn:aws:iam::aws:policy/aws-service-role/AWSServiceRoleForImageBuilder"
                },
                "aws_iam_role_policy_attachment_tfer--AWSServiceRoleForRDS_AmazonRDSServiceRolePolicy_id": {
                    "sensitive": false,
                    "type": "string",
                    "value": "AWSServiceRoleForRDS/arn:aws:iam::aws:policy/aws-service-role/AmazonRDSServiceRolePolicy"
                },
                "aws_iam_role_policy_attachment_tfer--AWSServiceRoleForSupport_AWSSupportServiceRolePolicy_id": {
                    "sensitive": false,
                    "type": "string",
                    "value": "AWSServiceRoleForSupport/arn:aws:iam::aws:policy/aws-service-role/AWSSupportServiceRolePolicy"
                },
                "aws_iam_role_policy_attachment_tfer--AWSServiceRoleForTrustedAdvisor_AWSTrustedAdvisorServiceRolePolicy_id": {
                    "sensitive": false,
                    "type": "string",
                    "value": "AWSServiceRoleForTrustedAdvisor/arn:aws:iam::aws:policy/aws-service-role/AWSTrustedAdvisorServiceRolePolicy"
                },
                "aws_iam_role_policy_attachment_tfer--rds-monitoring-role_AmazonRDSEnhancedMonitoringRole_id": {
                    "sensitive": false,
                    "type": "string",
                    "value": "rds-monitoring-role/arn:aws:iam::aws:policy/service-role/AmazonRDSEnhancedMonitoringRole"
                },
                "aws_iam_role_policy_attachment_tfer--test2roll_AmazonSSMManagedInstanceCore_id": {
                    "sensitive": false,
                    "type": "string",
                    "value": "test2roll/arn:aws:iam::aws:policy/AmazonSSMManagedInstanceCore"
                },
                "aws_iam_role_policy_attachment_tfer--test2roll_EC2InstanceProfileForImageBuilder_id": {
                    "sensitive": false,
                    "type": "string",
                    "value": "test2roll/arn:aws:iam::aws:policy/EC2InstanceProfileForImageBuilder"
                },
                "aws_iam_role_policy_attachment_tfer--test3Wordpressroll_AmazonSSMManagedInstanceCore_id": {
                    "sensitive": false,
                    "type": "string",
                    "value": "test3Wordpressroll/arn:aws:iam::aws:policy/AmazonSSMManagedInstanceCore"
                },
                "aws_iam_role_tfer--AWSServiceRoleForAWSCloud9_id": {
                    "sensitive": false,
                    "type": "string",
                    "value": "AWSServiceRoleForAWSCloud9"
                },
                "aws_iam_role_tfer--AWSServiceRoleForAmazonSSM_id": {
                    "sensitive": false,
                    "type": "string",
                    "value": "AWSServiceRoleForAmazonSSM"
                },
                "aws_iam_role_tfer--AWSServiceRoleForElasticLoadBalancing_id": {
                    "sensitive": false,
                    "type": "string",
                    "value": "AWSServiceRoleForElasticLoadBalancing"
                },
                "aws_iam_role_tfer--AWSServiceRoleForImageBuilder_id": {
                    "sensitive": false,
                    "type": "string",
                    "value": "AWSServiceRoleForImageBuilder"
                },
                "aws_iam_role_tfer--AWSServiceRoleForRDS_id": {
                    "sensitive": false,
                    "type": "string",
                    "value": "AWSServiceRoleForRDS"
                },
                "aws_iam_role_tfer--AWSServiceRoleForSupport_id": {
                    "sensitive": false,
                    "type": "string",
                    "value": "AWSServiceRoleForSupport"
                },
                "aws_iam_role_tfer--AWSServiceRoleForTrustedAdvisor_id": {
                    "sensitive": false,
                    "type": "string",
                    "value": "AWSServiceRoleForTrustedAdvisor"
                },
                "aws_iam_role_tfer--rds-monitoring-role_id": {
                    "sensitive": false,
                    "type": "string",
                    "value": "rds-monitoring-role"
                },
                "aws_iam_role_tfer--test2roll_id": {
                    "sensitive": false,
                    "type": "string",
                    "value": "test2roll"
                },
                "aws_iam_role_tfer--test3Wordpressroll_id": {
                    "sensitive": false,
                    "type": "string",
                    "value": "test3Wordpressroll"
                },
                "aws_iam_user_policy_attachment_tfer--test2_AmazonManagedBlockchainFullAccess_id": {
                    "sensitive": false,
                    "type": "string",
                    "value": "test2/arn:aws:iam::aws:policy/AmazonManagedBlockchainFullAccess"
                },
                "aws_iam_user_policy_attachment_tfer--test3_AdministratorAccess_id": {
                    "sensitive": false,
                    "type": "string",
                    "value": "test3/arn:aws:iam::aws:policy/AdministratorAccess"
                },
                "aws_iam_user_tfer--AIDA5KRWYXU5GNJNVAOTX_id": {
                    "sensitive": false,
                    "type": "string",
                    "value": "test3"
                },
                "aws_iam_user_tfer--AIDA5KRWYXU5M7N6O2SWE_id": {
                    "sensitive": false,
                    "type": "string",
                    "value": "test2"
                }
            },
            "resources": {
                "aws_iam_instance_profile.tfer--AWSCloud9SSMInstanceProfile": {
                    "type": "aws_iam_instance_profile",
                    "depends_on": [],
                    "primary": {
                        "id": "AWSCloud9SSMInstanceProfile",
                        "attributes": {
                            "arn": "arn:aws:iam::916016643386:instance-profile/cloud9/AWSCloud9SSMInstanceProfile",
                            "create_date": "2023-02-12T09:55:37Z",
                            "id": "AWSCloud9SSMInstanceProfile",
                            "name": "AWSCloud9SSMInstanceProfile",
                            "path": "/cloud9/",
                            "tags.%": "0",
                            "tags_all.%": "0",
                            "unique_id": "AIPA5KRWYXU5AO5PQYCGM"
                        },
                        "meta": {
                            "schema_version": 0
                        },
                        "tainted": false
                    },
                    "deposed": [],
                    "provider": "provider.aws"
                },
                "aws_iam_instance_profile.tfer--datalake-ec2-InstanceProfile-5L3JP2TifoNG": {
                    "type": "aws_iam_instance_profile",
                    "depends_on": [],
                    "primary": {
                        "id": "datalake-ec2-InstanceProfile-5L3JP2TifoNG",
                        "attributes": {
                            "arn": "arn:aws:iam::916016643386:instance-profile/datalake-ec2-InstanceProfile-5L3JP2TifoNG",
                            "create_date": "2023-02-04T06:37:54Z",
                            "id": "datalake-ec2-InstanceProfile-5L3JP2TifoNG",
                            "name": "datalake-ec2-InstanceProfile-5L3JP2TifoNG",
                            "path": "/",
                            "tags.%": "0",
                            "tags_all.%": "0",
                            "unique_id": "AIPA5KRWYXU5LQ7DGRZ4V"
                        },
                        "meta": {
                            "schema_version": 0
                        },
                        "tainted": false
                    },
                    "deposed": [],
                    "provider": "provider.aws"
                },
                "aws_iam_instance_profile.tfer--test2roll": {
                    "type": "aws_iam_instance_profile",
                    "depends_on": [],
                    "primary": {
                        "id": "test2roll",
                        "attributes": {
                            "arn": "arn:aws:iam::916016643386:instance-profile/test2roll",
                            "create_date": "2023-02-12T15:41:21Z",
                            "id": "test2roll",
                            "name": "test2roll",
                            "path": "/",
                            "role": "test2roll",
                            "tags.%": "0",
                            "tags_all.%": "0",
                            "unique_id": "AIPA5KRWYXU5HN6265OIJ"
                        },
                        "meta": {
                            "schema_version": 0
                        },
                        "tainted": false
                    },
                    "deposed": [],
                    "provider": "provider.aws"
                },
                "aws_iam_instance_profile.tfer--test3Wordpressroll": {
                    "type": "aws_iam_instance_profile",
                    "depends_on": [],
                    "primary": {
                        "id": "test3Wordpressroll",
                        "attributes": {
                            "arn": "arn:aws:iam::916016643386:instance-profile/test3Wordpressroll",
                            "create_date": "2023-02-19T11:10:29Z",
                            "id": "test3Wordpressroll",
                            "name": "test3Wordpressroll",
                            "path": "/",
                            "role": "test3Wordpressroll",
                            "tags.%": "0",
                            "tags_all.%": "0",
                            "unique_id": "AIPA5KRWYXU5GP6KLRWKS"
                        },
                        "meta": {
                            "schema_version": 0
                        },
                        "tainted": false
                    },
                    "deposed": [],
                    "provider": "provider.aws"
                },
                "aws_iam_role.tfer--AWSServiceRoleForAWSCloud9": {
                    "type": "aws_iam_role",
                    "depends_on": [],
                    "primary": {
                        "id": "AWSServiceRoleForAWSCloud9",
                        "attributes": {
                            "arn": "arn:aws:iam::916016643386:role/aws-service-role/cloud9.amazonaws.com/AWSServiceRoleForAWSCloud9",
                            "assume_role_policy": "{\"Version\":\"2012-10-17\",\"Statement\":[{\"Effect\":\"Allow\",\"Principal\":{\"Service\":\"cloud9.amazonaws.com\"},\"Action\":\"sts:AssumeRole\"}]}",
                            "create_date": "2023-02-12T09:55:38Z",
                            "description": "Service linked role for AWS Cloud9",
                            "id": "AWSServiceRoleForAWSCloud9",
                            "inline_policy.#": "1",
                            "inline_policy.0.name": "",
                            "inline_policy.0.policy": "",
                            "managed_policy_arns.#": "1",
                            "managed_policy_arns.0": "arn:aws:iam::aws:policy/aws-service-role/AWSCloud9ServiceRolePolicy",
                            "max_session_duration": "3600",
                            "name": "AWSServiceRoleForAWSCloud9",
                            "name_prefix": "",
                            "path": "/aws-service-role/cloud9.amazonaws.com/",
                            "tags.%": "0",
                            "tags_all.%": "0",
                            "unique_id": "AROA5KRWYXU5EOUITSTA2"
                        },
                        "meta": {
                            "schema_version": 0
                        },
                        "tainted": false
                    },
                    "deposed": [],
                    "provider": "provider.aws"
                },
                "aws_iam_role.tfer--AWSServiceRoleForAmazonSSM": {
                    "type": "aws_iam_role",
                    "depends_on": [],
                    "primary": {
                        "id": "AWSServiceRoleForAmazonSSM",
                        "attributes": {
                            "arn": "arn:aws:iam::916016643386:role/aws-service-role/ssm.amazonaws.com/AWSServiceRoleForAmazonSSM",
                            "assume_role_policy": "{\"Version\":\"2012-10-17\",\"Statement\":[{\"Effect\":\"Allow\",\"Principal\":{\"Service\":\"ssm.amazonaws.com\"},\"Action\":\"sts:AssumeRole\"}]}",
                            "create_date": "2023-02-12T17:06:15Z",
                            "description": "Provides access to AWS Resources managed or used by Amazon SSM.",
                            "id": "AWSServiceRoleForAmazonSSM",
                            "inline_policy.#": "1",
                            "inline_policy.0.name": "",
                            "inline_policy.0.policy": "",
                            "managed_policy_arns.#": "1",
                            "managed_policy_arns.0": "arn:aws:iam::aws:policy/aws-service-role/AmazonSSMServiceRolePolicy",
                            "max_session_duration": "3600",
                            "name": "AWSServiceRoleForAmazonSSM",
                            "name_prefix": "",
                            "path": "/aws-service-role/ssm.amazonaws.com/",
                            "tags.%": "0",
                            "tags_all.%": "0",
                            "unique_id": "AROA5KRWYXU5PFVHQ2AJJ"
                        },
                        "meta": {
                            "schema_version": 0
                        },
                        "tainted": false
                    },
                    "deposed": [],
                    "provider": "provider.aws"
                },
                "aws_iam_role.tfer--AWSServiceRoleForElasticLoadBalancing": {
                    "type": "aws_iam_role",
                    "depends_on": [],
                    "primary": {
                        "id": "AWSServiceRoleForElasticLoadBalancing",
                        "attributes": {
                            "arn": "arn:aws:iam::916016643386:role/aws-service-role/elasticloadbalancing.amazonaws.com/AWSServiceRoleForElasticLoadBalancing",
                            "assume_role_policy": "{\"Version\":\"2012-10-17\",\"Statement\":[{\"Effect\":\"Allow\",\"Principal\":{\"Service\":\"elasticloadbalancing.amazonaws.com\"},\"Action\":\"sts:AssumeRole\"}]}",
                            "create_date": "2023-02-19T13:49:26Z",
                            "description": "Allows ELB to call AWS services on your behalf.",
                            "id": "AWSServiceRoleForElasticLoadBalancing",
                            "inline_policy.#": "1",
                            "inline_policy.0.name": "",
                            "inline_policy.0.policy": "",
                            "managed_policy_arns.#": "1",
                            "managed_policy_arns.0": "arn:aws:iam::aws:policy/aws-service-role/AWSElasticLoadBalancingServiceRolePolicy",
                            "max_session_duration": "3600",
                            "name": "AWSServiceRoleForElasticLoadBalancing",
                            "name_prefix": "",
                            "path": "/aws-service-role/elasticloadbalancing.amazonaws.com/",
                            "tags.%": "0",
                            "tags_all.%": "0",
                            "unique_id": "AROA5KRWYXU5PANGSCDSB"
                        },
                        "meta": {
                            "schema_version": 0
                        },
                        "tainted": false
                    },
                    "deposed": [],
                    "provider": "provider.aws"
                },
                "aws_iam_role.tfer--AWSServiceRoleForImageBuilder": {
                    "type": "aws_iam_role",
                    "depends_on": [],
                    "primary": {
                        "id": "AWSServiceRoleForImageBuilder",
                        "attributes": {
                            "arn": "arn:aws:iam::916016643386:role/aws-service-role/imagebuilder.amazonaws.com/AWSServiceRoleForImageBuilder",
                            "assume_role_policy": "{\"Version\":\"2012-10-17\",\"Statement\":[{\"Effect\":\"Allow\",\"Principal\":{\"Service\":\"imagebuilder.amazonaws.com\"},\"Action\":\"sts:AssumeRole\"}]}",
                            "create_date": "2023-02-12T16:00:54Z",
                            "description": "",
                            "id": "AWSServiceRoleForImageBuilder",
                            "inline_policy.#": "1",
                            "inline_policy.0.name": "",
                            "inline_policy.0.policy": "",
                            "managed_policy_arns.#": "1",
                            "managed_policy_arns.0": "arn:aws:iam::aws:policy/aws-service-role/AWSServiceRoleForImageBuilder",
                            "max_session_duration": "3600",
                            "name": "AWSServiceRoleForImageBuilder",
                            "name_prefix": "",
                            "path": "/aws-service-role/imagebuilder.amazonaws.com/",
                            "tags.%": "0",
                            "tags_all.%": "0",
                            "unique_id": "AROA5KRWYXU5APM422IBR"
                        },
                        "meta": {
                            "schema_version": 0
                        },
                        "tainted": false
                    },
                    "deposed": [],
                    "provider": "provider.aws"
                },
                "aws_iam_role.tfer--AWSServiceRoleForRDS": {
                    "type": "aws_iam_role",
                    "depends_on": [],
                    "primary": {
                        "id": "AWSServiceRoleForRDS",
                        "attributes": {
                            "arn": "arn:aws:iam::916016643386:role/aws-service-role/rds.amazonaws.com/AWSServiceRoleForRDS",
                            "assume_role_policy": "{\"Version\":\"2012-10-17\",\"Statement\":[{\"Effect\":\"Allow\",\"Principal\":{\"Service\":\"rds.amazonaws.com\"},\"Action\":\"sts:AssumeRole\"}]}",
                            "create_date": "2023-02-19T12:59:01Z",
                            "description": "Allows Amazon RDS to manage AWS resources on your behalf",
                            "id": "AWSServiceRoleForRDS",
                            "inline_policy.#": "1",
                            "inline_policy.0.name": "",
                            "inline_policy.0.policy": "",
                            "managed_policy_arns.#": "1",
                            "managed_policy_arns.0": "arn:aws:iam::aws:policy/aws-service-role/AmazonRDSServiceRolePolicy",
                            "max_session_duration": "3600",
                            "name": "AWSServiceRoleForRDS",
                            "name_prefix": "",
                            "path": "/aws-service-role/rds.amazonaws.com/",
                            "tags.%": "0",
                            "tags_all.%": "0",
                            "unique_id": "AROA5KRWYXU5C3VLPNKF2"
                        },
                        "meta": {
                            "schema_version": 0
                        },
                        "tainted": false
                    },
                    "deposed": [],
                    "provider": "provider.aws"
                },
                "aws_iam_role.tfer--AWSServiceRoleForSupport": {
                    "type": "aws_iam_role",
                    "depends_on": [],
                    "primary": {
                        "id": "AWSServiceRoleForSupport",
                        "attributes": {
                            "arn": "arn:aws:iam::916016643386:role/aws-service-role/support.amazonaws.com/AWSServiceRoleForSupport",
                            "assume_role_policy": "{\"Version\":\"2012-10-17\",\"Statement\":[{\"Effect\":\"Allow\",\"Principal\":{\"Service\":\"support.amazonaws.com\"},\"Action\":\"sts:AssumeRole\"}]}",
                            "create_date": "2022-04-20T11:06:36Z",
                            "description": "Enables resource access for AWS to provide billing, administrative and support services",
                            "id": "AWSServiceRoleForSupport",
                            "inline_policy.#": "1",
                            "inline_policy.0.name": "",
                            "inline_policy.0.policy": "",
                            "managed_policy_arns.#": "1",
                            "managed_policy_arns.0": "arn:aws:iam::aws:policy/aws-service-role/AWSSupportServiceRolePolicy",
                            "max_session_duration": "3600",
                            "name": "AWSServiceRoleForSupport",
                            "name_prefix": "",
                            "path": "/aws-service-role/support.amazonaws.com/",
                            "tags.%": "0",
                            "tags_all.%": "0",
                            "unique_id": "AROA5KRWYXU5EVH73E67X"
                        },
                        "meta": {
                            "schema_version": 0
                        },
                        "tainted": false
                    },
                    "deposed": [],
                    "provider": "provider.aws"
                },
                "aws_iam_role.tfer--AWSServiceRoleForTrustedAdvisor": {
                    "type": "aws_iam_role",
                    "depends_on": [],
                    "primary": {
                        "id": "AWSServiceRoleForTrustedAdvisor",
                        "attributes": {
                            "arn": "arn:aws:iam::916016643386:role/aws-service-role/trustedadvisor.amazonaws.com/AWSServiceRoleForTrustedAdvisor",
                            "assume_role_policy": "{\"Version\":\"2012-10-17\",\"Statement\":[{\"Effect\":\"Allow\",\"Principal\":{\"Service\":\"trustedadvisor.amazonaws.com\"},\"Action\":\"sts:AssumeRole\"}]}",
                            "create_date": "2022-04-20T11:06:36Z",
                            "description": "Access for the AWS Trusted Advisor Service to help reduce cost, increase performance, and improve security of your AWS environment.",
                            "id": "AWSServiceRoleForTrustedAdvisor",
                            "inline_policy.#": "1",
                            "inline_policy.0.name": "",
                            "inline_policy.0.policy": "",
                            "managed_policy_arns.#": "1",
                            "managed_policy_arns.0": "arn:aws:iam::aws:policy/aws-service-role/AWSTrustedAdvisorServiceRolePolicy",
                            "max_session_duration": "3600",
                            "name": "AWSServiceRoleForTrustedAdvisor",
                            "name_prefix": "",
                            "path": "/aws-service-role/trustedadvisor.amazonaws.com/",
                            "tags.%": "0",
                            "tags_all.%": "0",
                            "unique_id": "AROA5KRWYXU5GYPS3P3E2"
                        },
                        "meta": {
                            "schema_version": 0
                        },
                        "tainted": false
                    },
                    "deposed": [],
                    "provider": "provider.aws"
                },
                "aws_iam_role.tfer--rds-monitoring-role": {
                    "type": "aws_iam_role",
                    "depends_on": [],
                    "primary": {
                        "id": "rds-monitoring-role",
                        "attributes": {
                            "arn": "arn:aws:iam::916016643386:role/rds-monitoring-role",
                            "assume_role_policy": "{\"Version\":\"2012-10-17\",\"Statement\":[{\"Sid\":\"\",\"Effect\":\"Allow\",\"Principal\":{\"Service\":\"monitoring.rds.amazonaws.com\"},\"Action\":\"sts:AssumeRole\"}]}",
                            "create_date": "2023-02-19T12:59:00Z",
                            "description": "",
                            "id": "rds-monitoring-role",
                            "inline_policy.#": "1",
                            "inline_policy.0.name": "",
                            "inline_policy.0.policy": "",
                            "managed_policy_arns.#": "1",
                            "managed_policy_arns.0": "arn:aws:iam::aws:policy/service-role/AmazonRDSEnhancedMonitoringRole",
                            "max_session_duration": "3600",
                            "name": "rds-monitoring-role",
                            "name_prefix": "",
                            "path": "/",
                            "tags.%": "0",
                            "tags_all.%": "0",
                            "unique_id": "AROA5KRWYXU5CE6KCFHTZ"
                        },
                        "meta": {
                            "schema_version": 0
                        },
                        "tainted": false
                    },
                    "deposed": [],
                    "provider": "provider.aws"
                },
                "aws_iam_role.tfer--test2roll": {
                    "type": "aws_iam_role",
                    "depends_on": [],
                    "primary": {
                        "id": "test2roll",
                        "attributes": {
                            "arn": "arn:aws:iam::916016643386:role/test2roll",
                            "assume_role_policy": "{\"Version\":\"2012-10-17\",\"Statement\":[{\"Effect\":\"Allow\",\"Principal\":{\"Service\":\"ec2.amazonaws.com\"},\"Action\":\"sts:AssumeRole\"}]}",
                            "create_date": "2023-02-12T15:41:20Z",
                            "description": "Allows EC2 instances to call AWS services on your behalf.",
                            "id": "test2roll",
                            "inline_policy.#": "1",
                            "inline_policy.0.name": "",
                            "inline_policy.0.policy": "",
                            "managed_policy_arns.#": "2",
                            "managed_policy_arns.0": "arn:aws:iam::aws:policy/AmazonSSMManagedInstanceCore",
                            "managed_policy_arns.1": "arn:aws:iam::aws:policy/EC2InstanceProfileForImageBuilder",
                            "max_session_duration": "3600",
                            "name": "test2roll",
                            "name_prefix": "",
                            "path": "/",
                            "tags.%": "0",
                            "tags_all.%": "0",
                            "unique_id": "AROA5KRWYXU5GUTOFLQON"
                        },
                        "meta": {
                            "schema_version": 0
                        },
                        "tainted": false
                    },
                    "deposed": [],
                    "provider": "provider.aws"
                },
                "aws_iam_role.tfer--test3Wordpressroll": {
                    "type": "aws_iam_role",
                    "depends_on": [],
                    "primary": {
                        "id": "test3Wordpressroll",
                        "attributes": {
                            "arn": "arn:aws:iam::916016643386:role/test3Wordpressroll",
                            "assume_role_policy": "{\"Version\":\"2012-10-17\",\"Statement\":[{\"Effect\":\"Allow\",\"Principal\":{\"Service\":\"ec2.amazonaws.com\"},\"Action\":\"sts:AssumeRole\"}]}",
                            "create_date": "2023-02-19T11:10:27Z",
                            "description": "Allows EC2 instances to call AWS services on your behalf.",
                            "id": "test3Wordpressroll",
                            "inline_policy.#": "1",
                            "inline_policy.0.name": "",
                            "inline_policy.0.policy": "",
                            "managed_policy_arns.#": "1",
                            "managed_policy_arns.0": "arn:aws:iam::aws:policy/AmazonSSMManagedInstanceCore",
                            "max_session_duration": "3600",
                            "name": "test3Wordpressroll",
                            "name_prefix": "",
                            "path": "/",
                            "tags.%": "1",
                            "tags.name": "スケーラブルウェブサイト構築ロール",
                            "tags_all.%": "1",
                            "tags_all.name": "スケーラブルウェブサイト構築ロール",
                            "unique_id": "AROA5KRWYXU5MYFQGY262"
                        },
                        "meta": {
                            "schema_version": 0
                        },
                        "tainted": false
                    },
                    "deposed": [],
                    "provider": "provider.aws"
                },
                "aws_iam_role_policy_attachment.tfer--AWSServiceRoleForAWSCloud9_AWSCloud9ServiceRolePolicy": {
                    "type": "aws_iam_role_policy_attachment",
                    "depends_on": [],
                    "primary": {
                        "id": "AWSServiceRoleForAWSCloud9/arn:aws:iam::aws:policy/aws-service-role/AWSCloud9ServiceRolePolicy",
                        "attributes": {
                            "id": "AWSServiceRoleForAWSCloud9/arn:aws:iam::aws:policy/aws-service-role/AWSCloud9ServiceRolePolicy",
                            "policy_arn": "arn:aws:iam::aws:policy/aws-service-role/AWSCloud9ServiceRolePolicy",
                            "role": "AWSServiceRoleForAWSCloud9"
                        },
                        "meta": {
                            "schema_version": 0
                        },
                        "tainted": false
                    },
                    "deposed": [],
                    "provider": "provider.aws"
                },
                "aws_iam_role_policy_attachment.tfer--AWSServiceRoleForAmazonSSM_AmazonSSMServiceRolePolicy": {
                    "type": "aws_iam_role_policy_attachment",
                    "depends_on": [],
                    "primary": {
                        "id": "AWSServiceRoleForAmazonSSM/arn:aws:iam::aws:policy/aws-service-role/AmazonSSMServiceRolePolicy",
                        "attributes": {
                            "id": "AWSServiceRoleForAmazonSSM/arn:aws:iam::aws:policy/aws-service-role/AmazonSSMServiceRolePolicy",
                            "policy_arn": "arn:aws:iam::aws:policy/aws-service-role/AmazonSSMServiceRolePolicy",
                            "role": "AWSServiceRoleForAmazonSSM"
                        },
                        "meta": {
                            "schema_version": 0
                        },
                        "tainted": false
                    },
                    "deposed": [],
                    "provider": "provider.aws"
                },
                "aws_iam_role_policy_attachment.tfer--AWSServiceRoleForElasticLoadBalancing_AWSElasticLoadBalancingServiceRolePolicy": {
                    "type": "aws_iam_role_policy_attachment",
                    "depends_on": [],
                    "primary": {
                        "id": "AWSServiceRoleForElasticLoadBalancing/arn:aws:iam::aws:policy/aws-service-role/AWSElasticLoadBalancingServiceRolePolicy",
                        "attributes": {
                            "id": "AWSServiceRoleForElasticLoadBalancing/arn:aws:iam::aws:policy/aws-service-role/AWSElasticLoadBalancingServiceRolePolicy",
                            "policy_arn": "arn:aws:iam::aws:policy/aws-service-role/AWSElasticLoadBalancingServiceRolePolicy",
                            "role": "AWSServiceRoleForElasticLoadBalancing"
                        },
                        "meta": {
                            "schema_version": 0
                        },
                        "tainted": false
                    },
                    "deposed": [],
                    "provider": "provider.aws"
                },
                "aws_iam_role_policy_attachment.tfer--AWSServiceRoleForImageBuilder_AWSServiceRoleForImageBuilder": {
                    "type": "aws_iam_role_policy_attachment",
                    "depends_on": [],
                    "primary": {
                        "id": "AWSServiceRoleForImageBuilder/arn:aws:iam::aws:policy/aws-service-role/AWSServiceRoleForImageBuilder",
                        "attributes": {
                            "id": "AWSServiceRoleForImageBuilder/arn:aws:iam::aws:policy/aws-service-role/AWSServiceRoleForImageBuilder",
                            "policy_arn": "arn:aws:iam::aws:policy/aws-service-role/AWSServiceRoleForImageBuilder",
                            "role": "AWSServiceRoleForImageBuilder"
                        },
                        "meta": {
                            "schema_version": 0
                        },
                        "tainted": false
                    },
                    "deposed": [],
                    "provider": "provider.aws"
                },
                "aws_iam_role_policy_attachment.tfer--AWSServiceRoleForRDS_AmazonRDSServiceRolePolicy": {
                    "type": "aws_iam_role_policy_attachment",
                    "depends_on": [],
                    "primary": {
                        "id": "AWSServiceRoleForRDS/arn:aws:iam::aws:policy/aws-service-role/AmazonRDSServiceRolePolicy",
                        "attributes": {
                            "id": "AWSServiceRoleForRDS/arn:aws:iam::aws:policy/aws-service-role/AmazonRDSServiceRolePolicy",
                            "policy_arn": "arn:aws:iam::aws:policy/aws-service-role/AmazonRDSServiceRolePolicy",
                            "role": "AWSServiceRoleForRDS"
                        },
                        "meta": {
                            "schema_version": 0
                        },
                        "tainted": false
                    },
                    "deposed": [],
                    "provider": "provider.aws"
                },
                "aws_iam_role_policy_attachment.tfer--AWSServiceRoleForSupport_AWSSupportServiceRolePolicy": {
                    "type": "aws_iam_role_policy_attachment",
                    "depends_on": [],
                    "primary": {
                        "id": "AWSServiceRoleForSupport/arn:aws:iam::aws:policy/aws-service-role/AWSSupportServiceRolePolicy",
                        "attributes": {
                            "id": "AWSServiceRoleForSupport/arn:aws:iam::aws:policy/aws-service-role/AWSSupportServiceRolePolicy",
                            "policy_arn": "arn:aws:iam::aws:policy/aws-service-role/AWSSupportServiceRolePolicy",
                            "role": "AWSServiceRoleForSupport"
                        },
                        "meta": {
                            "schema_version": 0
                        },
                        "tainted": false
                    },
                    "deposed": [],
                    "provider": "provider.aws"
                },
                "aws_iam_role_policy_attachment.tfer--AWSServiceRoleForTrustedAdvisor_AWSTrustedAdvisorServiceRolePolicy": {
                    "type": "aws_iam_role_policy_attachment",
                    "depends_on": [],
                    "primary": {
                        "id": "AWSServiceRoleForTrustedAdvisor/arn:aws:iam::aws:policy/aws-service-role/AWSTrustedAdvisorServiceRolePolicy",
                        "attributes": {
                            "id": "AWSServiceRoleForTrustedAdvisor/arn:aws:iam::aws:policy/aws-service-role/AWSTrustedAdvisorServiceRolePolicy",
                            "policy_arn": "arn:aws:iam::aws:policy/aws-service-role/AWSTrustedAdvisorServiceRolePolicy",
                            "role": "AWSServiceRoleForTrustedAdvisor"
                        },
                        "meta": {
                            "schema_version": 0
                        },
                        "tainted": false
                    },
                    "deposed": [],
                    "provider": "provider.aws"
                },
                "aws_iam_role_policy_attachment.tfer--rds-monitoring-role_AmazonRDSEnhancedMonitoringRole": {
                    "type": "aws_iam_role_policy_attachment",
                    "depends_on": [],
                    "primary": {
                        "id": "rds-monitoring-role/arn:aws:iam::aws:policy/service-role/AmazonRDSEnhancedMonitoringRole",
                        "attributes": {
                            "id": "rds-monitoring-role/arn:aws:iam::aws:policy/service-role/AmazonRDSEnhancedMonitoringRole",
                            "policy_arn": "arn:aws:iam::aws:policy/service-role/AmazonRDSEnhancedMonitoringRole",
                            "role": "rds-monitoring-role"
                        },
                        "meta": {
                            "schema_version": 0
                        },
                        "tainted": false
                    },
                    "deposed": [],
                    "provider": "provider.aws"
                },
                "aws_iam_role_policy_attachment.tfer--test2roll_AmazonSSMManagedInstanceCore": {
                    "type": "aws_iam_role_policy_attachment",
                    "depends_on": [],
                    "primary": {
                        "id": "test2roll/arn:aws:iam::aws:policy/AmazonSSMManagedInstanceCore",
                        "attributes": {
                            "id": "test2roll/arn:aws:iam::aws:policy/AmazonSSMManagedInstanceCore",
                            "policy_arn": "arn:aws:iam::aws:policy/AmazonSSMManagedInstanceCore",
                            "role": "test2roll"
                        },
                        "meta": {
                            "schema_version": 0
                        },
                        "tainted": false
                    },
                    "deposed": [],
                    "provider": "provider.aws"
                },
                "aws_iam_role_policy_attachment.tfer--test2roll_EC2InstanceProfileForImageBuilder": {
                    "type": "aws_iam_role_policy_attachment",
                    "depends_on": [],
                    "primary": {
                        "id": "test2roll/arn:aws:iam::aws:policy/EC2InstanceProfileForImageBuilder",
                        "attributes": {
                            "id": "test2roll/arn:aws:iam::aws:policy/EC2InstanceProfileForImageBuilder",
                            "policy_arn": "arn:aws:iam::aws:policy/EC2InstanceProfileForImageBuilder",
                            "role": "test2roll"
                        },
                        "meta": {
                            "schema_version": 0
                        },
                        "tainted": false
                    },
                    "deposed": [],
                    "provider": "provider.aws"
                },
                "aws_iam_role_policy_attachment.tfer--test3Wordpressroll_AmazonSSMManagedInstanceCore": {
                    "type": "aws_iam_role_policy_attachment",
                    "depends_on": [],
                    "primary": {
                        "id": "test3Wordpressroll/arn:aws:iam::aws:policy/AmazonSSMManagedInstanceCore",
                        "attributes": {
                            "id": "test3Wordpressroll/arn:aws:iam::aws:policy/AmazonSSMManagedInstanceCore",
                            "policy_arn": "arn:aws:iam::aws:policy/AmazonSSMManagedInstanceCore",
                            "role": "test3Wordpressroll"
                        },
                        "meta": {
                            "schema_version": 0
                        },
                        "tainted": false
                    },
                    "deposed": [],
                    "provider": "provider.aws"
                },
                "aws_iam_user.tfer--AIDA5KRWYXU5GNJNVAOTX": {
                    "type": "aws_iam_user",
                    "depends_on": [],
                    "primary": {
                        "id": "test3",
                        "attributes": {
                            "arn": "arn:aws:iam::916016643386:user/test3",
                            "force_destroy": "false",
                            "id": "test3",
                            "name": "test3",
                            "path": "/",
                            "tags.%": "2",
                            "tags.AKIA5KRWYXU5EGEPCSXN": "test3",
                            "tags.name": "スケーラブルウェブサイト構築ハンズオン",
                            "tags_all.%": "2",
                            "tags_all.AKIA5KRWYXU5EGEPCSXN": "test3",
                            "tags_all.name": "スケーラブルウェブサイト構築ハンズオン",
                            "unique_id": "AIDA5KRWYXU5GNJNVAOTX"
                        },
                        "meta": {
                            "schema_version": 0
                        },
                        "tainted": false
                    },
                    "deposed": [],
                    "provider": "provider.aws"
                },
                "aws_iam_user.tfer--AIDA5KRWYXU5M7N6O2SWE": {
                    "type": "aws_iam_user",
                    "depends_on": [],
                    "primary": {
                        "id": "test2",
                        "attributes": {
                            "arn": "arn:aws:iam::916016643386:user/test2",
                            "force_destroy": "false",
                            "id": "test2",
                            "name": "test2",
                            "path": "/",
                            "tags.%": "0",
                            "tags_all.%": "0",
                            "unique_id": "AIDA5KRWYXU5M7N6O2SWE"
                        },
                        "meta": {
                            "schema_version": 0
                        },
                        "tainted": false
                    },
                    "deposed": [],
                    "provider": "provider.aws"
                },
                "aws_iam_user_policy_attachment.tfer--test2_AmazonManagedBlockchainFullAccess": {
                    "type": "aws_iam_user_policy_attachment",
                    "depends_on": [],
                    "primary": {
                        "id": "test2/arn:aws:iam::aws:policy/AmazonManagedBlockchainFullAccess",
                        "attributes": {
                            "id": "test2/arn:aws:iam::aws:policy/AmazonManagedBlockchainFullAccess",
                            "policy_arn": "arn:aws:iam::aws:policy/AmazonManagedBlockchainFullAccess",
                            "user": "test2"
                        },
                        "meta": {
                            "schema_version": 0
                        },
                        "tainted": false
                    },
                    "deposed": [],
                    "provider": "provider.aws"
                },
                "aws_iam_user_policy_attachment.tfer--test3_AdministratorAccess": {
                    "type": "aws_iam_user_policy_attachment",
                    "depends_on": [],
                    "primary": {
                        "id": "test3/arn:aws:iam::aws:policy/AdministratorAccess",
                        "attributes": {
                            "id": "test3/arn:aws:iam::aws:policy/AdministratorAccess",
                            "policy_arn": "arn:aws:iam::aws:policy/AdministratorAccess",
                            "user": "test3"
                        },
                        "meta": {
                            "schema_version": 0
                        },
                        "tainted": false
                    },
                    "deposed": [],
                    "provider": "provider.aws"
                }
            },
            "depends_on": []
        }
    ]
}
