{
    "version": 3,
    "terraform_version": "0.12.31",
    "serial": 1,
    "lineage": "6ce012fe-af55-4afc-b3b3-2dee247a4d1e",
    "modules": [
        {
            "path": [
                "root"
            ],
            "outputs": {
                "aws_instance_tfer--i-01a6b5b405f34d21b_test3web-0023-1_id": {
                    "sensitive": false,
                    "type": "string",
                    "value": "i-01a6b5b405f34d21b"
                },
                "aws_instance_tfer--i-04aea276ba3ba9fa0_test3web-0023-2_id": {
                    "sensitive": false,
                    "type": "string",
                    "value": "i-04aea276ba3ba9fa0"
                }
            },
            "resources": {
                "aws_instance.tfer--i-01a6b5b405f34d21b_test3web-0023-1": {
                    "type": "aws_instance",
                    "depends_on": [],
                    "primary": {
                        "id": "i-01a6b5b405f34d21b",
                        "attributes": {
                            "ami": "ami-0ffac3e16de16665e",
                            "arn": "arn:aws:ec2::916016643386:instance/i-01a6b5b405f34d21b",
                            "associate_public_ip_address": "true",
                            "availability_zone": "ap-northeast-1a",
                            "capacity_reservation_specification.#": "1",
                            "capacity_reservation_specification.0.capacity_reservation_preference": "open",
                            "capacity_reservation_specification.0.capacity_reservation_target.#": "0",
                            "cpu_core_count": "1",
                            "cpu_threads_per_core": "1",
                            "credit_specification.#": "1",
                            "credit_specification.0.cpu_credits": "standard",
                            "disable_api_termination": "false",
                            "ebs_block_device.#": "0",
                            "ebs_optimized": "false",
                            "enclave_options.#": "1",
                            "enclave_options.0.enabled": "false",
                            "ephemeral_block_device.#": "0",
                            "get_password_data": "false",
                            "hibernation": "false",
                            "iam_instance_profile": "test3Wordpressroll",
                            "id": "i-01a6b5b405f34d21b",
                            "instance_initiated_shutdown_behavior": "stop",
                            "instance_state": "running",
                            "instance_type": "t2.micro",
                            "ipv6_address_count": "0",
                            "ipv6_addresses.#": "0",
                            "key_name": "Test3WordPress",
                            "launch_template.#": "0",
                            "metadata_options.#": "1",
                            "metadata_options.0.http_endpoint": "enabled",
                            "metadata_options.0.http_put_response_hop_limit": "1",
                            "metadata_options.0.http_tokens": "optional",
                            "metadata_options.0.instance_metadata_tags": "disabled",
                            "monitoring": "false",
                            "network_interface.#": "0",
                            "outpost_arn": "",
                            "password_data": "",
                            "placement_group": "",
                            "primary_network_interface_id": "eni-0ca806e8990f05fcd",
                            "private_dns": "ip-10-0-0-212.ap-northeast-1.compute.internal",
                            "private_ip": "10.0.0.212",
                            "public_dns": "ec2-54-249-34-121.ap-northeast-1.compute.amazonaws.com",
                            "public_ip": "54.249.34.121",
                            "root_block_device.#": "1",
                            "root_block_device.0.delete_on_termination": "true",
                            "root_block_device.0.device_name": "/dev/xvda",
                            "root_block_device.0.encrypted": "false",
                            "root_block_device.0.iops": "100",
                            "root_block_device.0.kms_key_id": "",
                            "root_block_device.0.tags.%": "0",
                            "root_block_device.0.throughput": "0",
                            "root_block_device.0.volume_id": "vol-03c74d81eaa6ae110",
                            "root_block_device.0.volume_size": "8",
                            "root_block_device.0.volume_type": "gp2",
                            "secondary_private_ips.#": "0",
                            "security_groups.#": "0",
                            "source_dest_check": "true",
                            "subnet_id": "subnet-0b2ec6a2483ac1238",
                            "tags.%": "1",
                            "tags.Name": "test3web#1",
                            "tags_all.%": "1",
                            "tags_all.Name": "test3web#1",
                            "tenancy": "default",
                            "user_data_base64": "IyEvYmluL2Jhc2gKCnl1bSAteSB1cGRhdGUKeXVtIC15IGluc3RhbGwgcGhwIGh0dHBkIG15c3FsCgpQSFBfVkVSU0lPTj1gcGhwIC12IHwgaGVhZCAtbiAxIHwgYXdrICd7cHJpbnQgJDJ9JyB8IGF3ayAtRiAiLiIgJ3twcmludCAkMX0nYAp3aGlsZSBbICAke1BIUF9WRVJTSU9OfSAtbmUgNyBdCmRvCmFtYXpvbi1saW51eC1leHRyYXMgaW5zdGFsbCBwaHA3LjQgLXkKUEhQX1ZFUlNJT049YHBocCAtdiB8IGhlYWQgLW4gMSB8IGF3ayAne3ByaW50ICQyfScgfCBhd2sgLUYgIi4iICd7cHJpbnQgJDF9J2AKZG9uZQoKeXVtIC15IGluc3RhbGwgcGhwLW1ic3RyaW5nIHBocC14bWwKCndnZXQgaHR0cDovL2phLndvcmRwcmVzcy5vcmcvbGF0ZXN0LWphLnRhci5neiAtUCAvdG1wLwp0YXIgenh2ZiAvdG1wL2xhdGVzdC1qYS50YXIuZ3ogLUMgL3RtcApjcCAtciAvdG1wL3dvcmRwcmVzcy8qIC92YXIvd3d3L2h0bWwvCmNob3duIGFwYWNoZTphcGFjaGUgLVIgL3Zhci93d3cvaHRtbAoKc3lzdGVtY3RsIGVuYWJsZSBodHRwZC5zZXJ2aWNlCnN5c3RlbWN0bCBzdGFydCBodHRwZC5zZXJ2aWNlCg==",
                            "vpc_security_group_ids.#": "1",
                            "vpc_security_group_ids.0": "sg-048689f0b73a1294e"
                        },
                        "meta": {
                            "schema_version": 1
                        },
                        "tainted": false
                    },
                    "deposed": [],
                    "provider": "provider.aws"
                },
                "aws_instance.tfer--i-04aea276ba3ba9fa0_test3web-0023-2": {
                    "type": "aws_instance",
                    "depends_on": [],
                    "primary": {
                        "id": "i-04aea276ba3ba9fa0",
                        "attributes": {
                            "ami": "ami-0962926efc7ba4cd0",
                            "arn": "arn:aws:ec2::916016643386:instance/i-04aea276ba3ba9fa0",
                            "associate_public_ip_address": "true",
                            "availability_zone": "ap-northeast-1c",
                            "capacity_reservation_specification.#": "1",
                            "capacity_reservation_specification.0.capacity_reservation_preference": "open",
                            "capacity_reservation_specification.0.capacity_reservation_target.#": "0",
                            "cpu_core_count": "1",
                            "cpu_threads_per_core": "1",
                            "credit_specification.#": "1",
                            "credit_specification.0.cpu_credits": "standard",
                            "disable_api_termination": "false",
                            "ebs_block_device.#": "0",
                            "ebs_optimized": "false",
                            "enclave_options.#": "1",
                            "enclave_options.0.enabled": "false",
                            "ephemeral_block_device.#": "0",
                            "get_password_data": "false",
                            "hibernation": "false",
                            "iam_instance_profile": "test3Wordpressroll",
                            "id": "i-04aea276ba3ba9fa0",
                            "instance_initiated_shutdown_behavior": "stop",
                            "instance_state": "running",
                            "instance_type": "t2.micro",
                            "ipv6_address_count": "0",
                            "ipv6_addresses.#": "0",
                            "key_name": "",
                            "launch_template.#": "0",
                            "metadata_options.#": "1",
                            "metadata_options.0.http_endpoint": "enabled",
                            "metadata_options.0.http_put_response_hop_limit": "1",
                            "metadata_options.0.http_tokens": "optional",
                            "metadata_options.0.instance_metadata_tags": "disabled",
                            "monitoring": "false",
                            "network_interface.#": "0",
                            "outpost_arn": "",
                            "password_data": "",
                            "placement_group": "",
                            "primary_network_interface_id": "eni-073534cbf3cfbd56a",
                            "private_dns": "ip-10-0-1-16.ap-northeast-1.compute.internal",
                            "private_ip": "10.0.1.16",
                            "public_dns": "ec2-18-183-123-200.ap-northeast-1.compute.amazonaws.com",
                            "public_ip": "18.183.123.200",
                            "root_block_device.#": "1",
                            "root_block_device.0.delete_on_termination": "true",
                            "root_block_device.0.device_name": "/dev/xvda",
                            "root_block_device.0.encrypted": "false",
                            "root_block_device.0.iops": "100",
                            "root_block_device.0.kms_key_id": "",
                            "root_block_device.0.tags.%": "0",
                            "root_block_device.0.throughput": "0",
                            "root_block_device.0.volume_id": "vol-0734fe7027c7839cb",
                            "root_block_device.0.volume_size": "8",
                            "root_block_device.0.volume_type": "gp2",
                            "secondary_private_ips.#": "0",
                            "security_groups.#": "0",
                            "source_dest_check": "true",
                            "subnet_id": "subnet-03e5718aa651656a3",
                            "tags.%": "1",
                            "tags.Name": "test3web#2",
                            "tags_all.%": "1",
                            "tags_all.Name": "test3web#2",
                            "tenancy": "default",
                            "user_data_base64": "",
                            "vpc_security_group_ids.#": "1",
                            "vpc_security_group_ids.0": "sg-048689f0b73a1294e"
                        },
                        "meta": {
                            "schema_version": 1
                        },
                        "tainted": false
                    },
                    "deposed": [],
                    "provider": "provider.aws"
                }
            },
            "depends_on": []
        }
    ]
}
